Microsoft Visual Studio Solution File, Format Version 12.00
# Visual Studio Version 16
VisualStudioVersion = 16.0.30104.148
MinimumVisualStudioVersion = 10.0.40219.1
Project("{9A19103F-16F7-4668-BE54-9A1E7A4F7556}") = "Meadow.TestSuite.Worker", "Meadow.TestSuite.Worker\Meadow.TestSuite.Worker.csproj", "{057F8AEE-B77D-4230-A7E5-5C9630639BB9}"
EndProject
Project("{9A19103F-16F7-4668-BE54-9A1E7A4F7556}") = "TestSuite.Unit.Tests", "TestSuite.Unit.Tests\TestSuite.Unit.Tests.csproj", "{C6E093CC-124F-4989-B7E5-22A243F16AA0}"
EndProject
Project("{9A19103F-16F7-4668-BE54-9A1E7A4F7556}") = "Meadow.TestSuite.Core", "Meadow.TestSuite.Core\Meadow.TestSuite.Core.csproj", "{F77A2AA8-DDC5-4238-B8F4-E191D7B98F7C}"
EndProject
Project("{9A19103F-16F7-4668-BE54-9A1E7A4F7556}") = "Meadow.TestSuite.Director", "Meadow.TestSuite.Master\Meadow.TestSuite.Director.csproj", "{31AABDA3-1A03-4B43-B21E-BFEFC0DA449E}"
EndProject
Project("{9A19103F-16F7-4668-BE54-9A1E7A4F7556}") = "Tests.Meadow.Core", "Tests.Meadow.Core\Tests.Meadow.Core.csproj", "{62AF01CF-769B-454F-85BC-4CDD571ADD8F}"
EndProject
Project("{9A19103F-16F7-4668-BE54-9A1E7A4F7556}") = "Meadow.Core", "..\Meadow.Core\source\Meadow.Core\Meadow.Core.csproj", "{14185571-1BE0-4BE8-B9CA-E598E4737544}"
EndProject
Global
	GlobalSection(SolutionConfigurationPlatforms) = preSolution
		Debug|Any CPU = Debug|Any CPU
		Release|Any CPU = Release|Any CPU
	EndGlobalSection
	GlobalSection(ProjectConfigurationPlatforms) = postSolution
		{057F8AEE-B77D-4230-A7E5-5C9630639BB9}.Debug|Any CPU.ActiveCfg = Debug|Any CPU
		{057F8AEE-B77D-4230-A7E5-5C9630639BB9}.Debug|Any CPU.Build.0 = Debug|Any CPU
		{057F8AEE-B77D-4230-A7E5-5C9630639BB9}.Release|Any CPU.ActiveCfg = Release|Any CPU
		{057F8AEE-B77D-4230-A7E5-5C9630639BB9}.Release|Any CPU.Build.0 = Release|Any CPU
		{C6E093CC-124F-4989-B7E5-22A243F16AA0}.Debug|Any CPU.ActiveCfg = Debug|Any CPU
		{C6E093CC-124F-4989-B7E5-22A243F16AA0}.Debug|Any CPU.Build.0 = Debug|Any CPU
		{C6E093CC-124F-4989-B7E5-22A243F16AA0}.Release|Any CPU.ActiveCfg = Release|Any CPU
		{C6E093CC-124F-4989-B7E5-22A243F16AA0}.Release|Any CPU.Build.0 = Release|Any CPU
		{F77A2AA8-DDC5-4238-B8F4-E191D7B98F7C}.Debug|Any CPU.ActiveCfg = Debug|Any CPU
		{F77A2AA8-DDC5-4238-B8F4-E191D7B98F7C}.Debug|Any CPU.Build.0 = Debug|Any CPU
		{F77A2AA8-DDC5-4238-B8F4-E191D7B98F7C}.Release|Any CPU.ActiveCfg = Release|Any CPU
		{F77A2AA8-DDC5-4238-B8F4-E191D7B98F7C}.Release|Any CPU.Build.0 = Release|Any CPU
		{31AABDA3-1A03-4B43-B21E-BFEFC0DA449E}.Debug|Any CPU.ActiveCfg = Debug|Any CPU
		{31AABDA3-1A03-4B43-B21E-BFEFC0DA449E}.Debug|Any CPU.Build.0 = Debug|Any CPU
		{31AABDA3-1A03-4B43-B21E-BFEFC0DA449E}.Release|Any CPU.ActiveCfg = Release|Any CPU
		{31AABDA3-1A03-4B43-B21E-BFEFC0DA449E}.Release|Any CPU.Build.0 = Release|Any CPU
		{62AF01CF-769B-454F-85BC-4CDD571ADD8F}.Debug|Any CPU.ActiveCfg = Debug|Any CPU
		{62AF01CF-769B-454F-85BC-4CDD571ADD8F}.Debug|Any CPU.Build.0 = Debug|Any CPU
		{62AF01CF-769B-454F-85BC-4CDD571ADD8F}.Debug|Any CPU.Deploy.0 = Debug|Any CPU
		{62AF01CF-769B-454F-85BC-4CDD571ADD8F}.Release|Any CPU.ActiveCfg = Release|Any CPU
		{62AF01CF-769B-454F-85BC-4CDD571ADD8F}.Release|Any CPU.Build.0 = Release|Any CPU
		{62AF01CF-769B-454F-85BC-4CDD571ADD8F}.Release|Any CPU.Deploy.0 = Release|Any CPU
		{14185571-1BE0-4BE8-B9CA-E598E4737544}.Debug|Any CPU.ActiveCfg = Debug|Any CPU
		{14185571-1BE0-4BE8-B9CA-E598E4737544}.Debug|Any CPU.Build.0 = Debug|Any CPU
		{14185571-1BE0-4BE8-B9CA-E598E4737544}.Debug|Any CPU.Deploy.0 = Debug|Any CPU
		{14185571-1BE0-4BE8-B9CA-E598E4737544}.Release|Any CPU.ActiveCfg = Release|Any CPU
		{14185571-1BE0-4BE8-B9CA-E598E4737544}.Release|Any CPU.Build.0 = Release|Any CPU
		{14185571-1BE0-4BE8-B9CA-E598E4737544}.Release|Any CPU.Deploy.0 = Release|Any CPU
	EndGlobalSection
	GlobalSection(SolutionProperties) = preSolution
		HideSolutionNode = FALSE
	EndGlobalSection
	GlobalSection(ExtensibilityGlobals) = postSolution
		SolutionGuid = {7E6ED5BA-7442-4B70-8045-D87C76CB7968}
	EndGlobalSection
EndGlobal
