Microsoft Visual Studio Solution File, Format Version 12.00
# Visual Studio Version 16
VisualStudioVersion = 16.0.30104.148
MinimumVisualStudioVersion = 10.0.40219.1
Project("{9A19103F-16F7-4668-BE54-9A1E7A4F7556}") = "Meadow.TestSuite.Worker", "Meadow.TestSuite.Worker\Meadow.TestSuite.Worker.csproj", "{057F8AEE-B77D-4230-A7E5-5C9630639BB9}"
EndProject
Project("{9A19103F-16F7-4668-BE54-9A1E7A4F7556}") = "TestSuite.Unit.Tests", "TestSuite.Unit.Tests\TestSuite.Unit.Tests.csproj", "{C6E093CC-124F-4989-B7E5-22A243F16AA0}"
EndProject
Project("{9A19103F-16F7-4668-BE54-9A1E7A4F7556}") = "Meadow.TestSuite.Core", "Meadow.TestSuite.Core\Meadow.TestSuite.Core.csproj", "{F77A2AA8-DDC5-4238-B8F4-E191D7B98F7C}"
EndProject
Project("{9A19103F-16F7-4668-BE54-9A1E7A4F7556}") = "Meadow.Core", "..\Meadow.Core\source\Meadow.Core\Meadow.Core.csproj", "{14185571-1BE0-4BE8-B9CA-E598E4737544}"
EndProject
Project("{2150E333-8FDC-42A3-9474-1A3956D46DE8}") = "docs", "docs", "{085FCF8D-543A-465C-B239-BCEFC3B75537}"
	ProjectSection(SolutionItems) = preProject
		authoring-tests.md = authoring-tests.md
		implementation.md = implementation.md
		readme.md = readme.md
		setup.md = setup.md
		usage.md = usage.md
	EndProjectSection
EndProject
Project("{9A19103F-16F7-4668-BE54-9A1E7A4F7556}") = "Meadow.TestSuite.Director", "Meadow.TestSuite.Director\Meadow.TestSuite.Director.csproj", "{88D83E30-8507-4007-9F60-69A57D0A6636}"
EndProject
Project("{9A19103F-16F7-4668-BE54-9A1E7A4F7556}") = "Meadow.Foundation.Core", "..\Meadow.Foundation\Source\Meadow.Foundation.Core\Meadow.Foundation.Core.csproj", "{B4E2F55D-A225-40FD-9B24-E34C08AA1C52}"
EndProject
Project("{2150E333-8FDC-42A3-9474-1A3956D46DE8}") = "Test Infrastructure", "Test Infrastructure", "{68DF75CE-6EBB-443B-9B9E-7CEF94D72B83}"
EndProject
Project("{2150E333-8FDC-42A3-9474-1A3956D46DE8}") = "Test Assemblies", "Test Assemblies", "{C2BF12B2-D7D3-420F-A4B5-F237028B77AB}"
EndProject
Project("{2150E333-8FDC-42A3-9474-1A3956D46DE8}") = "Reference Projects", "Reference Projects", "{DBF2D026-11E1-4099-B663-437C7B22E424}"
EndProject
Project("{9A19103F-16F7-4668-BE54-9A1E7A4F7556}") = "Tests.Meadow.Core", "Test Assemblies\Tests.Meadow.Core\Tests.Meadow.Core.csproj", "{3691A297-C44E-4C66-AE43-B2FDE43D710C}"
EndProject
Project("{9A19103F-16F7-4668-BE54-9A1E7A4F7556}") = "Tests.Meadow.Foundation", "Test Assemblies\Tests.Meadow.Foundation\Tests.Meadow.Foundation.csproj", "{6DB7D7E3-19FD-43ED-86D0-F4901B62A84B}"
EndProject
Project("{2150E333-8FDC-42A3-9474-1A3956D46DE8}") = "MCP23008", "MCP23008", "{768C3E38-4EDF-4E04-ABA4-D35311007A09}"
EndProject
Project("{9A19103F-16F7-4668-BE54-9A1E7A4F7556}") = "ICs.IOExpanders.MCP23x08", "..\Meadow.Foundation\Source\Meadow.Foundation.Peripherals\ICs.IOExpanders.Mcp23x08\Driver\ICs.IOExpanders.MCP23x08\ICs.IOExpanders.MCP23x08.csproj", "{99F6D50B-E2D4-4FA5-9C95-A7686C2A9CF5}"
EndProject
Project("{9A19103F-16F7-4668-BE54-9A1E7A4F7556}") = "Tests.Mcp23x08", "Test Assemblies\Tests.Mcp23x08\Tests.Mcp23x08.csproj", "{D3A210D3-EC07-4276-91AC-AED49090892A}"
EndProject
Global
	GlobalSection(SolutionConfigurationPlatforms) = preSolution
		Debug|Any CPU = Debug|Any CPU
		Local Source Debug|Any CPU = Local Source Debug|Any CPU
		Nuget Debug|Any CPU = Nuget Debug|Any CPU
		Release|Any CPU = Release|Any CPU
	EndGlobalSection
	GlobalSection(ProjectConfigurationPlatforms) = postSolution
		{057F8AEE-B77D-4230-A7E5-5C9630639BB9}.Debug|Any CPU.ActiveCfg = Nuget Debug|Any CPU
		{057F8AEE-B77D-4230-A7E5-5C9630639BB9}.Debug|Any CPU.Build.0 = Nuget Debug|Any CPU
		{057F8AEE-B77D-4230-A7E5-5C9630639BB9}.Debug|Any CPU.Deploy.0 = Nuget Debug|Any CPU
		{057F8AEE-B77D-4230-A7E5-5C9630639BB9}.Local Source Debug|Any CPU.ActiveCfg = Debug|Any CPU
		{057F8AEE-B77D-4230-A7E5-5C9630639BB9}.Local Source Debug|Any CPU.Build.0 = Debug|Any CPU
		{057F8AEE-B77D-4230-A7E5-5C9630639BB9}.Nuget Debug|Any CPU.ActiveCfg = Nuget Debug|Any CPU
		{057F8AEE-B77D-4230-A7E5-5C9630639BB9}.Nuget Debug|Any CPU.Build.0 = Nuget Debug|Any CPU
		{057F8AEE-B77D-4230-A7E5-5C9630639BB9}.Nuget Debug|Any CPU.Deploy.0 = Nuget Debug|Any CPU
		{057F8AEE-B77D-4230-A7E5-5C9630639BB9}.Release|Any CPU.ActiveCfg = Release|Any CPU
		{057F8AEE-B77D-4230-A7E5-5C9630639BB9}.Release|Any CPU.Build.0 = Release|Any CPU
		{C6E093CC-124F-4989-B7E5-22A243F16AA0}.Debug|Any CPU.ActiveCfg = Nuget Debug|Any CPU
		{C6E093CC-124F-4989-B7E5-22A243F16AA0}.Debug|Any CPU.Build.0 = Nuget Debug|Any CPU
		{C6E093CC-124F-4989-B7E5-22A243F16AA0}.Local Source Debug|Any CPU.ActiveCfg = Debug|Any CPU
		{C6E093CC-124F-4989-B7E5-22A243F16AA0}.Local Source Debug|Any CPU.Build.0 = Debug|Any CPU
		{C6E093CC-124F-4989-B7E5-22A243F16AA0}.Nuget Debug|Any CPU.ActiveCfg = Nuget Debug|Any CPU
		{C6E093CC-124F-4989-B7E5-22A243F16AA0}.Nuget Debug|Any CPU.Build.0 = Nuget Debug|Any CPU
		{C6E093CC-124F-4989-B7E5-22A243F16AA0}.Release|Any CPU.ActiveCfg = Release|Any CPU
		{C6E093CC-124F-4989-B7E5-22A243F16AA0}.Release|Any CPU.Build.0 = Release|Any CPU
		{F77A2AA8-DDC5-4238-B8F4-E191D7B98F7C}.Debug|Any CPU.ActiveCfg = Nuget Debug|Any CPU
		{F77A2AA8-DDC5-4238-B8F4-E191D7B98F7C}.Debug|Any CPU.Build.0 = Nuget Debug|Any CPU
		{F77A2AA8-DDC5-4238-B8F4-E191D7B98F7C}.Local Source Debug|Any CPU.ActiveCfg = Debug|Any CPU
		{F77A2AA8-DDC5-4238-B8F4-E191D7B98F7C}.Local Source Debug|Any CPU.Build.0 = Debug|Any CPU
		{F77A2AA8-DDC5-4238-B8F4-E191D7B98F7C}.Nuget Debug|Any CPU.ActiveCfg = Nuget Debug|Any CPU
		{F77A2AA8-DDC5-4238-B8F4-E191D7B98F7C}.Nuget Debug|Any CPU.Build.0 = Nuget Debug|Any CPU
		{F77A2AA8-DDC5-4238-B8F4-E191D7B98F7C}.Release|Any CPU.ActiveCfg = Release|Any CPU
		{F77A2AA8-DDC5-4238-B8F4-E191D7B98F7C}.Release|Any CPU.Build.0 = Release|Any CPU
		{14185571-1BE0-4BE8-B9CA-E598E4737544}.Debug|Any CPU.ActiveCfg = Debug|Any CPU
		{14185571-1BE0-4BE8-B9CA-E598E4737544}.Debug|Any CPU.Build.0 = Debug|Any CPU
		{14185571-1BE0-4BE8-B9CA-E598E4737544}.Debug|Any CPU.Deploy.0 = Debug|Any CPU
		{14185571-1BE0-4BE8-B9CA-E598E4737544}.Local Source Debug|Any CPU.ActiveCfg = Debug|Any CPU
		{14185571-1BE0-4BE8-B9CA-E598E4737544}.Local Source Debug|Any CPU.Build.0 = Debug|Any CPU
		{14185571-1BE0-4BE8-B9CA-E598E4737544}.Local Source Debug|Any CPU.Deploy.0 = Debug|Any CPU
		{14185571-1BE0-4BE8-B9CA-E598E4737544}.Nuget Debug|Any CPU.ActiveCfg = Nuget Debug|Any CPU
		{14185571-1BE0-4BE8-B9CA-E598E4737544}.Nuget Debug|Any CPU.Build.0 = Nuget Debug|Any CPU
		{14185571-1BE0-4BE8-B9CA-E598E4737544}.Nuget Debug|Any CPU.Deploy.0 = Nuget Debug|Any CPU
		{14185571-1BE0-4BE8-B9CA-E598E4737544}.Release|Any CPU.ActiveCfg = Release|Any CPU
		{14185571-1BE0-4BE8-B9CA-E598E4737544}.Release|Any CPU.Build.0 = Release|Any CPU
		{14185571-1BE0-4BE8-B9CA-E598E4737544}.Release|Any CPU.Deploy.0 = Release|Any CPU
		{88D83E30-8507-4007-9F60-69A57D0A6636}.Debug|Any CPU.ActiveCfg = Nuget Debug|Any CPU
		{88D83E30-8507-4007-9F60-69A57D0A6636}.Debug|Any CPU.Build.0 = Nuget Debug|Any CPU
		{88D83E30-8507-4007-9F60-69A57D0A6636}.Local Source Debug|Any CPU.ActiveCfg = Debug|Any CPU
		{88D83E30-8507-4007-9F60-69A57D0A6636}.Local Source Debug|Any CPU.Build.0 = Debug|Any CPU
		{88D83E30-8507-4007-9F60-69A57D0A6636}.Nuget Debug|Any CPU.ActiveCfg = Nuget Debug|Any CPU
		{88D83E30-8507-4007-9F60-69A57D0A6636}.Nuget Debug|Any CPU.Build.0 = Nuget Debug|Any CPU
		{88D83E30-8507-4007-9F60-69A57D0A6636}.Release|Any CPU.ActiveCfg = Release|Any CPU
		{88D83E30-8507-4007-9F60-69A57D0A6636}.Release|Any CPU.Build.0 = Release|Any CPU
		{B4E2F55D-A225-40FD-9B24-E34C08AA1C52}.Debug|Any CPU.ActiveCfg = Nuget Debug|Any CPU
		{B4E2F55D-A225-40FD-9B24-E34C08AA1C52}.Debug|Any CPU.Build.0 = Nuget Debug|Any CPU
		{B4E2F55D-A225-40FD-9B24-E34C08AA1C52}.Debug|Any CPU.Deploy.0 = Nuget Debug|Any CPU
		{B4E2F55D-A225-40FD-9B24-E34C08AA1C52}.Local Source Debug|Any CPU.ActiveCfg = Debug|Any CPU
		{B4E2F55D-A225-40FD-9B24-E34C08AA1C52}.Local Source Debug|Any CPU.Build.0 = Debug|Any CPU
		{B4E2F55D-A225-40FD-9B24-E34C08AA1C52}.Local Source Debug|Any CPU.Deploy.0 = Debug|Any CPU
		{B4E2F55D-A225-40FD-9B24-E34C08AA1C52}.Nuget Debug|Any CPU.ActiveCfg = Nuget Debug|Any CPU
		{B4E2F55D-A225-40FD-9B24-E34C08AA1C52}.Nuget Debug|Any CPU.Build.0 = Nuget Debug|Any CPU
		{B4E2F55D-A225-40FD-9B24-E34C08AA1C52}.Nuget Debug|Any CPU.Deploy.0 = Nuget Debug|Any CPU
		{B4E2F55D-A225-40FD-9B24-E34C08AA1C52}.Release|Any CPU.ActiveCfg = Release|Any CPU
		{B4E2F55D-A225-40FD-9B24-E34C08AA1C52}.Release|Any CPU.Build.0 = Release|Any CPU
		{B4E2F55D-A225-40FD-9B24-E34C08AA1C52}.Release|Any CPU.Deploy.0 = Release|Any CPU
		{3691A297-C44E-4C66-AE43-B2FDE43D710C}.Debug|Any CPU.ActiveCfg = Debug|Any CPU
		{3691A297-C44E-4C66-AE43-B2FDE43D710C}.Debug|Any CPU.Build.0 = Debug|Any CPU
		{3691A297-C44E-4C66-AE43-B2FDE43D710C}.Debug|Any CPU.Deploy.0 = Debug|Any CPU
		{3691A297-C44E-4C66-AE43-B2FDE43D710C}.Local Source Debug|Any CPU.ActiveCfg = Local Source Debug|Any CPU
		{3691A297-C44E-4C66-AE43-B2FDE43D710C}.Local Source Debug|Any CPU.Build.0 = Local Source Debug|Any CPU
		{3691A297-C44E-4C66-AE43-B2FDE43D710C}.Local Source Debug|Any CPU.Deploy.0 = Local Source Debug|Any CPU
		{3691A297-C44E-4C66-AE43-B2FDE43D710C}.Nuget Debug|Any CPU.ActiveCfg = Debug|Any CPU
		{3691A297-C44E-4C66-AE43-B2FDE43D710C}.Nuget Debug|Any CPU.Build.0 = Debug|Any CPU
		{3691A297-C44E-4C66-AE43-B2FDE43D710C}.Nuget Debug|Any CPU.Deploy.0 = Debug|Any CPU
		{3691A297-C44E-4C66-AE43-B2FDE43D710C}.Release|Any CPU.ActiveCfg = Release|Any CPU
		{3691A297-C44E-4C66-AE43-B2FDE43D710C}.Release|Any CPU.Build.0 = Release|Any CPU
		{3691A297-C44E-4C66-AE43-B2FDE43D710C}.Release|Any CPU.Deploy.0 = Release|Any CPU
		{6DB7D7E3-19FD-43ED-86D0-F4901B62A84B}.Debug|Any CPU.ActiveCfg = Debug|Any CPU
		{6DB7D7E3-19FD-43ED-86D0-F4901B62A84B}.Debug|Any CPU.Build.0 = Debug|Any CPU
		{6DB7D7E3-19FD-43ED-86D0-F4901B62A84B}.Debug|Any CPU.Deploy.0 = Debug|Any CPU
		{6DB7D7E3-19FD-43ED-86D0-F4901B62A84B}.Local Source Debug|Any CPU.ActiveCfg = Debug|Any CPU
		{6DB7D7E3-19FD-43ED-86D0-F4901B62A84B}.Local Source Debug|Any CPU.Build.0 = Debug|Any CPU
		{6DB7D7E3-19FD-43ED-86D0-F4901B62A84B}.Local Source Debug|Any CPU.Deploy.0 = Debug|Any CPU
		{6DB7D7E3-19FD-43ED-86D0-F4901B62A84B}.Nuget Debug|Any CPU.ActiveCfg = Nuget Debug|Any CPU
		{6DB7D7E3-19FD-43ED-86D0-F4901B62A84B}.Nuget Debug|Any CPU.Build.0 = Nuget Debug|Any CPU
		{6DB7D7E3-19FD-43ED-86D0-F4901B62A84B}.Nuget Debug|Any CPU.Deploy.0 = Nuget Debug|Any CPU
		{6DB7D7E3-19FD-43ED-86D0-F4901B62A84B}.Release|Any CPU.ActiveCfg = Release|Any CPU
		{6DB7D7E3-19FD-43ED-86D0-F4901B62A84B}.Release|Any CPU.Build.0 = Release|Any CPU
		{6DB7D7E3-19FD-43ED-86D0-F4901B62A84B}.Release|Any CPU.Deploy.0 = Release|Any CPU
		{99F6D50B-E2D4-4FA5-9C95-A7686C2A9CF5}.Debug|Any CPU.ActiveCfg = Debug|Any CPU
		{99F6D50B-E2D4-4FA5-9C95-A7686C2A9CF5}.Debug|Any CPU.Build.0 = Debug|Any CPU
		{99F6D50B-E2D4-4FA5-9C95-A7686C2A9CF5}.Debug|Any CPU.Deploy.0 = Debug|Any CPU
		{99F6D50B-E2D4-4FA5-9C95-A7686C2A9CF5}.Local Source Debug|Any CPU.ActiveCfg = Debug|Any CPU
		{99F6D50B-E2D4-4FA5-9C95-A7686C2A9CF5}.Local Source Debug|Any CPU.Build.0 = Debug|Any CPU
		{99F6D50B-E2D4-4FA5-9C95-A7686C2A9CF5}.Local Source Debug|Any CPU.Deploy.0 = Debug|Any CPU
		{99F6D50B-E2D4-4FA5-9C95-A7686C2A9CF5}.Nuget Debug|Any CPU.ActiveCfg = Debug|Any CPU
		{99F6D50B-E2D4-4FA5-9C95-A7686C2A9CF5}.Nuget Debug|Any CPU.Build.0 = Debug|Any CPU
		{99F6D50B-E2D4-4FA5-9C95-A7686C2A9CF5}.Nuget Debug|Any CPU.Deploy.0 = Debug|Any CPU
		{99F6D50B-E2D4-4FA5-9C95-A7686C2A9CF5}.Release|Any CPU.ActiveCfg = Release|Any CPU
		{99F6D50B-E2D4-4FA5-9C95-A7686C2A9CF5}.Release|Any CPU.Build.0 = Release|Any CPU
		{99F6D50B-E2D4-4FA5-9C95-A7686C2A9CF5}.Release|Any CPU.Deploy.0 = Release|Any CPU
		{D3A210D3-EC07-4276-91AC-AED49090892A}.Debug|Any CPU.ActiveCfg = Debug|Any CPU
		{D3A210D3-EC07-4276-91AC-AED49090892A}.Debug|Any CPU.Build.0 = Debug|Any CPU
		{D3A210D3-EC07-4276-91AC-AED49090892A}.Debug|Any CPU.Deploy.0 = Debug|Any CPU
		{D3A210D3-EC07-4276-91AC-AED49090892A}.Local Source Debug|Any CPU.ActiveCfg = Debug|Any CPU
		{D3A210D3-EC07-4276-91AC-AED49090892A}.Local Source Debug|Any CPU.Build.0 = Debug|Any CPU
		{D3A210D3-EC07-4276-91AC-AED49090892A}.Local Source Debug|Any CPU.Deploy.0 = Debug|Any CPU
		{D3A210D3-EC07-4276-91AC-AED49090892A}.Nuget Debug|Any CPU.ActiveCfg = Nuget Debug|Any CPU
		{D3A210D3-EC07-4276-91AC-AED49090892A}.Nuget Debug|Any CPU.Build.0 = Nuget Debug|Any CPU
		{D3A210D3-EC07-4276-91AC-AED49090892A}.Nuget Debug|Any CPU.Deploy.0 = Nuget Debug|Any CPU
		{D3A210D3-EC07-4276-91AC-AED49090892A}.Release|Any CPU.ActiveCfg = Release|Any CPU
		{D3A210D3-EC07-4276-91AC-AED49090892A}.Release|Any CPU.Build.0 = Release|Any CPU
		{D3A210D3-EC07-4276-91AC-AED49090892A}.Release|Any CPU.Deploy.0 = Release|Any CPU
	EndGlobalSection
	GlobalSection(SolutionProperties) = preSolution
		HideSolutionNode = FALSE
	EndGlobalSection
	GlobalSection(NestedProjects) = preSolution
		{057F8AEE-B77D-4230-A7E5-5C9630639BB9} = {68DF75CE-6EBB-443B-9B9E-7CEF94D72B83}
		{C6E093CC-124F-4989-B7E5-22A243F16AA0} = {68DF75CE-6EBB-443B-9B9E-7CEF94D72B83}
		{F77A2AA8-DDC5-4238-B8F4-E191D7B98F7C} = {68DF75CE-6EBB-443B-9B9E-7CEF94D72B83}
		{14185571-1BE0-4BE8-B9CA-E598E4737544} = {DBF2D026-11E1-4099-B663-437C7B22E424}
		{88D83E30-8507-4007-9F60-69A57D0A6636} = {68DF75CE-6EBB-443B-9B9E-7CEF94D72B83}
		{B4E2F55D-A225-40FD-9B24-E34C08AA1C52} = {DBF2D026-11E1-4099-B663-437C7B22E424}
		{3691A297-C44E-4C66-AE43-B2FDE43D710C} = {C2BF12B2-D7D3-420F-A4B5-F237028B77AB}
		{6DB7D7E3-19FD-43ED-86D0-F4901B62A84B} = {C2BF12B2-D7D3-420F-A4B5-F237028B77AB}
		{768C3E38-4EDF-4E04-ABA4-D35311007A09} = {C2BF12B2-D7D3-420F-A4B5-F237028B77AB}
		{99F6D50B-E2D4-4FA5-9C95-A7686C2A9CF5} = {768C3E38-4EDF-4E04-ABA4-D35311007A09}
		{D3A210D3-EC07-4276-91AC-AED49090892A} = {768C3E38-4EDF-4E04-ABA4-D35311007A09}
	EndGlobalSection
	GlobalSection(ExtensibilityGlobals) = postSolution
		SolutionGuid = {7E6ED5BA-7442-4B70-8045-D87C76CB7968}
	EndGlobalSection
EndGlobal
