Microsoft Visual Studio Solution File, Format Version 12.00
# Visual Studio Version 17
VisualStudioVersion = 17.1.31911.260
MinimumVisualStudioVersion = 10.0.40219.1
Project("{9A19103F-16F7-4668-BE54-9A1E7A4F7556}") = "TestSuite.Unit.Tests", "TestSuite.Unit.Tests\TestSuite.Unit.Tests.csproj", "{C6E093CC-124F-4989-B7E5-22A243F16AA0}"
EndProject
Project("{9A19103F-16F7-4668-BE54-9A1E7A4F7556}") = "Meadow.TestSuite.Core", "Meadow.TestSuite.Core\Meadow.TestSuite.Core.csproj", "{F77A2AA8-DDC5-4238-B8F4-E191D7B98F7C}"
EndProject
Project("{2150E333-8FDC-42A3-9474-1A3956D46DE8}") = "docs", "docs", "{085FCF8D-543A-465C-B239-BCEFC3B75537}"
	ProjectSection(SolutionItems) = preProject
		doc\authoring-tests.md = doc\authoring-tests.md
		config.md = config.md
		doc\implementation.md = doc\implementation.md
		doc\raspi.md = doc\raspi.md
		readme.md = readme.md
		rest-api.md = rest-api.md
		doc\setup.md = doc\setup.md
		doc\TestSuite.postman_collection.json = doc\TestSuite.postman_collection.json
		doc\usage.md = doc\usage.md
	EndProjectSection
EndProject
Project("{9A19103F-16F7-4668-BE54-9A1E7A4F7556}") = "Meadow.TestSuite.Director", "Meadow.TestSuite.Director\Meadow.TestSuite.Director.csproj", "{88D83E30-8507-4007-9F60-69A57D0A6636}"
EndProject
Project("{9A19103F-16F7-4668-BE54-9A1E7A4F7556}") = "Meadow.TestSuite.Worker.F7", "Meadow.TestSuite.Worker\Meadow.TestSuite.Worker.F7.csproj", "{BF3C06DF-09A5-44F5-B6F6-3E70FD39BAC4}"
EndProject
Project("{9A19103F-16F7-4668-BE54-9A1E7A4F7556}") = "Meadow.Foundation.Web.Maple.Server", "..\Meadow.Foundation\Source\Meadow.Foundation.Libraries_and_Frameworks\Web.Maple\Driver\Web.Maple.Server\Meadow.Foundation.Web.Maple.Server.csproj", "{264981F8-0A35-4254-926E-3B342637BB73}"
EndProject
Project("{9A19103F-16F7-4668-BE54-9A1E7A4F7556}") = "Meadow.TestSuite.Cli", "Meadow.TestSuite.Cli\Meadow.TestSuite.Cli.csproj", "{024292B8-30CE-46AB-8B33-AB82C4B8A758}"
EndProject
Project("{2150E333-8FDC-42A3-9474-1A3956D46DE8}") = "Test Assemblies", "Test Assemblies", "{EB6241B5-16A8-45A2-B75F-818CB2DB9192}"
EndProject
Project("{2150E333-8FDC-42A3-9474-1A3956D46DE8}") = "AISU", "AISU", "{23B888C9-75AF-4313-BAD6-92B1EB7779E2}"
EndProject
Project("{9A19103F-16F7-4668-BE54-9A1E7A4F7556}") = "Tests.AISU", "..\Meadow.Tests\Source\TestSuite\Tests.AISU\Tests.AISU.csproj", "{995134CD-ED5A-4FB4-B8B5-1A4AA7713B80}"
EndProject
Project("{2150E333-8FDC-42A3-9474-1A3956D46DE8}") = "F7Loopback", "F7Loopback", "{430E1E84-42E0-444A-B178-AB670FA0C1AF}"
EndProject
Project("{9A19103F-16F7-4668-BE54-9A1E7A4F7556}") = "Tests.F7Loopback", "..\Meadow.Tests\Source\TestSuite\Tests.F7Loopback\Tests.F7Loopback.csproj", "{9C0F6DAE-4CA9-46BB-89B6-E936D13BA44C}"
EndProject
Project("{2150E333-8FDC-42A3-9474-1A3956D46DE8}") = "refs", "refs", "{F5C5DA0D-3A7B-43A6-BAB5-3B4AEED99B9B}"
EndProject
Project("{9A19103F-16F7-4668-BE54-9A1E7A4F7556}") = "ICs.EEPROM.At24Cxx", "..\Meadow.Foundation\Source\Meadow.Foundation.Peripherals\ICs.EEPROM.At24Cxx\Driver\ICs.EEPROM.At24Cxx\ICs.EEPROM.At24Cxx.csproj", "{45BE5E28-5BA2-4B4A-8517-AE5BE4316DF3}"
EndProject
Project("{2150E333-8FDC-42A3-9474-1A3956D46DE8}") = "TestExplorer", "TestExplorer", "{449465E9-95C2-422E-9548-E1B4C9F9D85B}"
EndProject
Project("{9A19103F-16F7-4668-BE54-9A1E7A4F7556}") = "TestExplorer", "TestExplorer\TestExplorer.csproj", "{62BCEA90-3C29-4C26-A909-77E26BBA41D0}"
EndProject
Project("{9A19103F-16F7-4668-BE54-9A1E7A4F7556}") = "Meadow.Contracts", "..\Meadow.Contracts\Source\Meadow.Contracts\Meadow.Contracts.csproj", "{C6B82064-DCA0-439F-8E41-293242A584AA}"
EndProject
Project("{9A19103F-16F7-4668-BE54-9A1E7A4F7556}") = "Meadow.Units", "..\Meadow.Units\Source\Meadow.Units\Meadow.Units.csproj", "{27B7F6BA-D260-4094-8182-6A0295A40917}"
EndProject
Project("{9A19103F-16F7-4668-BE54-9A1E7A4F7556}") = "Meadow.Foundation.Core", "..\Meadow.Foundation\Source\Meadow.Foundation.Core\Meadow.Foundation.Core.csproj", "{2DAECD9E-5BAE-4C16-BE82-C29F4423AF1C}"
EndProject
Project("{9A19103F-16F7-4668-BE54-9A1E7A4F7556}") = "Meadow.Core", "..\Meadow.Core\source\Meadow.Core\Meadow.Core.csproj", "{B9E2D507-178C-406B-9FFD-8FFCB1091345}"
EndProject
Project("{9A19103F-16F7-4668-BE54-9A1E7A4F7556}") = "Meadow.F7", "..\Meadow.Core\source\Meadow.F7\Meadow.F7.csproj", "{6A65EE62-0D29-4AB3-BE97-B862205DB3F3}"
EndProject
Project("{9A19103F-16F7-4668-BE54-9A1E7A4F7556}") = "MicroGraphics", "..\Meadow.Foundation\Source\Meadow.Foundation.Libraries_and_Frameworks\Graphics\MicroGraphics\Driver\Graphics.MicroGraphics\MicroGraphics.csproj", "{492F9358-CF0C-4BDA-8B41-93BFB6D17671}"
EndProject
Project("{9A19103F-16F7-4668-BE54-9A1E7A4F7556}") = "Displays.TftSpi", "..\Meadow.Foundation\Source\Meadow.Foundation.Peripherals\Displays.TftSpi\Driver\Displays.TftSpi\Displays.TftSpi.csproj", "{7B35A0E2-FCB8-4EBD-85FE-C6293C82FD95}"
EndProject
Project("{9A19103F-16F7-4668-BE54-9A1E7A4F7556}") = "Meadow.Logging", "..\Meadow.Foundation\Source\Meadow.Foundation.Libraries_and_Frameworks\Meadow.Logging\lib\Meadow.Logging.csproj", "{7B414AE0-31DC-4386-8EDD-C6E805BBE8EA}"
EndProject
Global
	GlobalSection(SolutionConfigurationPlatforms) = preSolution
		Debug|Any CPU = Debug|Any CPU
		ProjectRefs|Any CPU = ProjectRefs|Any CPU
		Release|Any CPU = Release|Any CPU
	EndGlobalSection
	GlobalSection(ProjectConfigurationPlatforms) = postSolution
		{C6E093CC-124F-4989-B7E5-22A243F16AA0}.Debug|Any CPU.ActiveCfg = Debug|Any CPU
		{C6E093CC-124F-4989-B7E5-22A243F16AA0}.Debug|Any CPU.Build.0 = Debug|Any CPU
		{C6E093CC-124F-4989-B7E5-22A243F16AA0}.ProjectRefs|Any CPU.ActiveCfg = Release|Any CPU
		{C6E093CC-124F-4989-B7E5-22A243F16AA0}.ProjectRefs|Any CPU.Build.0 = Release|Any CPU
		{C6E093CC-124F-4989-B7E5-22A243F16AA0}.Release|Any CPU.ActiveCfg = Release|Any CPU
		{C6E093CC-124F-4989-B7E5-22A243F16AA0}.Release|Any CPU.Build.0 = Release|Any CPU
		{F77A2AA8-DDC5-4238-B8F4-E191D7B98F7C}.Debug|Any CPU.ActiveCfg = Debug|Any CPU
		{F77A2AA8-DDC5-4238-B8F4-E191D7B98F7C}.Debug|Any CPU.Build.0 = Debug|Any CPU
		{F77A2AA8-DDC5-4238-B8F4-E191D7B98F7C}.ProjectRefs|Any CPU.ActiveCfg = Release|Any CPU
		{F77A2AA8-DDC5-4238-B8F4-E191D7B98F7C}.ProjectRefs|Any CPU.Build.0 = Release|Any CPU
		{F77A2AA8-DDC5-4238-B8F4-E191D7B98F7C}.ProjectRefs|Any CPU.Deploy.0 = Release|Any CPU
		{F77A2AA8-DDC5-4238-B8F4-E191D7B98F7C}.Release|Any CPU.ActiveCfg = Release|Any CPU
		{F77A2AA8-DDC5-4238-B8F4-E191D7B98F7C}.Release|Any CPU.Build.0 = Release|Any CPU
		{88D83E30-8507-4007-9F60-69A57D0A6636}.Debug|Any CPU.ActiveCfg = Debug|Any CPU
		{88D83E30-8507-4007-9F60-69A57D0A6636}.Debug|Any CPU.Build.0 = Debug|Any CPU
		{88D83E30-8507-4007-9F60-69A57D0A6636}.ProjectRefs|Any CPU.ActiveCfg = Release|Any CPU
		{88D83E30-8507-4007-9F60-69A57D0A6636}.ProjectRefs|Any CPU.Build.0 = Release|Any CPU
		{88D83E30-8507-4007-9F60-69A57D0A6636}.Release|Any CPU.ActiveCfg = Release|Any CPU
		{88D83E30-8507-4007-9F60-69A57D0A6636}.Release|Any CPU.Build.0 = Release|Any CPU
		{BF3C06DF-09A5-44F5-B6F6-3E70FD39BAC4}.Debug|Any CPU.ActiveCfg = Debug|Any CPU
		{BF3C06DF-09A5-44F5-B6F6-3E70FD39BAC4}.Debug|Any CPU.Build.0 = Debug|Any CPU
		{BF3C06DF-09A5-44F5-B6F6-3E70FD39BAC4}.ProjectRefs|Any CPU.ActiveCfg = Release|Any CPU
		{BF3C06DF-09A5-44F5-B6F6-3E70FD39BAC4}.ProjectRefs|Any CPU.Build.0 = Release|Any CPU
		{BF3C06DF-09A5-44F5-B6F6-3E70FD39BAC4}.ProjectRefs|Any CPU.Deploy.0 = Release|Any CPU
		{BF3C06DF-09A5-44F5-B6F6-3E70FD39BAC4}.Release|Any CPU.ActiveCfg = Release|Any CPU
		{BF3C06DF-09A5-44F5-B6F6-3E70FD39BAC4}.Release|Any CPU.Build.0 = Release|Any CPU
		{264981F8-0A35-4254-926E-3B342637BB73}.Debug|Any CPU.ActiveCfg = Debug|Any CPU
		{264981F8-0A35-4254-926E-3B342637BB73}.Debug|Any CPU.Build.0 = Debug|Any CPU
		{264981F8-0A35-4254-926E-3B342637BB73}.ProjectRefs|Any CPU.ActiveCfg = Release|Any CPU
		{264981F8-0A35-4254-926E-3B342637BB73}.ProjectRefs|Any CPU.Build.0 = Release|Any CPU
		{264981F8-0A35-4254-926E-3B342637BB73}.ProjectRefs|Any CPU.Deploy.0 = Release|Any CPU
		{264981F8-0A35-4254-926E-3B342637BB73}.Release|Any CPU.ActiveCfg = Release|Any CPU
		{264981F8-0A35-4254-926E-3B342637BB73}.Release|Any CPU.Build.0 = Release|Any CPU
		{024292B8-30CE-46AB-8B33-AB82C4B8A758}.Debug|Any CPU.ActiveCfg = Debug|Any CPU
		{024292B8-30CE-46AB-8B33-AB82C4B8A758}.Debug|Any CPU.Build.0 = Debug|Any CPU
		{024292B8-30CE-46AB-8B33-AB82C4B8A758}.ProjectRefs|Any CPU.ActiveCfg = Release|Any CPU
		{024292B8-30CE-46AB-8B33-AB82C4B8A758}.ProjectRefs|Any CPU.Build.0 = Release|Any CPU
		{024292B8-30CE-46AB-8B33-AB82C4B8A758}.Release|Any CPU.ActiveCfg = Release|Any CPU
		{024292B8-30CE-46AB-8B33-AB82C4B8A758}.Release|Any CPU.Build.0 = Release|Any CPU
		{995134CD-ED5A-4FB4-B8B5-1A4AA7713B80}.Debug|Any CPU.ActiveCfg = Debug|Any CPU
		{995134CD-ED5A-4FB4-B8B5-1A4AA7713B80}.Debug|Any CPU.Build.0 = Debug|Any CPU
		{995134CD-ED5A-4FB4-B8B5-1A4AA7713B80}.Debug|Any CPU.Deploy.0 = Debug|Any CPU
		{995134CD-ED5A-4FB4-B8B5-1A4AA7713B80}.ProjectRefs|Any CPU.ActiveCfg = Release|Any CPU
		{995134CD-ED5A-4FB4-B8B5-1A4AA7713B80}.ProjectRefs|Any CPU.Build.0 = Release|Any CPU
		{995134CD-ED5A-4FB4-B8B5-1A4AA7713B80}.ProjectRefs|Any CPU.Deploy.0 = Release|Any CPU
		{995134CD-ED5A-4FB4-B8B5-1A4AA7713B80}.Release|Any CPU.ActiveCfg = Release|Any CPU
		{995134CD-ED5A-4FB4-B8B5-1A4AA7713B80}.Release|Any CPU.Build.0 = Release|Any CPU
		{995134CD-ED5A-4FB4-B8B5-1A4AA7713B80}.Release|Any CPU.Deploy.0 = Release|Any CPU
		{9C0F6DAE-4CA9-46BB-89B6-E936D13BA44C}.Debug|Any CPU.ActiveCfg = Debug|Any CPU
		{9C0F6DAE-4CA9-46BB-89B6-E936D13BA44C}.Debug|Any CPU.Build.0 = Debug|Any CPU
		{9C0F6DAE-4CA9-46BB-89B6-E936D13BA44C}.Debug|Any CPU.Deploy.0 = Debug|Any CPU
		{9C0F6DAE-4CA9-46BB-89B6-E936D13BA44C}.ProjectRefs|Any CPU.ActiveCfg = Release|Any CPU
		{9C0F6DAE-4CA9-46BB-89B6-E936D13BA44C}.ProjectRefs|Any CPU.Build.0 = Release|Any CPU
		{9C0F6DAE-4CA9-46BB-89B6-E936D13BA44C}.ProjectRefs|Any CPU.Deploy.0 = Release|Any CPU
		{9C0F6DAE-4CA9-46BB-89B6-E936D13BA44C}.Release|Any CPU.ActiveCfg = Release|Any CPU
		{9C0F6DAE-4CA9-46BB-89B6-E936D13BA44C}.Release|Any CPU.Build.0 = Release|Any CPU
		{9C0F6DAE-4CA9-46BB-89B6-E936D13BA44C}.Release|Any CPU.Deploy.0 = Release|Any CPU
		{45BE5E28-5BA2-4B4A-8517-AE5BE4316DF3}.Debug|Any CPU.ActiveCfg = Debug|Any CPU
		{45BE5E28-5BA2-4B4A-8517-AE5BE4316DF3}.Debug|Any CPU.Build.0 = Debug|Any CPU
		{45BE5E28-5BA2-4B4A-8517-AE5BE4316DF3}.Debug|Any CPU.Deploy.0 = Debug|Any CPU
		{45BE5E28-5BA2-4B4A-8517-AE5BE4316DF3}.ProjectRefs|Any CPU.ActiveCfg = Release|Any CPU
		{45BE5E28-5BA2-4B4A-8517-AE5BE4316DF3}.ProjectRefs|Any CPU.Build.0 = Release|Any CPU
		{45BE5E28-5BA2-4B4A-8517-AE5BE4316DF3}.ProjectRefs|Any CPU.Deploy.0 = Release|Any CPU
		{45BE5E28-5BA2-4B4A-8517-AE5BE4316DF3}.Release|Any CPU.ActiveCfg = Release|Any CPU
		{45BE5E28-5BA2-4B4A-8517-AE5BE4316DF3}.Release|Any CPU.Build.0 = Release|Any CPU
		{45BE5E28-5BA2-4B4A-8517-AE5BE4316DF3}.Release|Any CPU.Deploy.0 = Release|Any CPU
		{62BCEA90-3C29-4C26-A909-77E26BBA41D0}.Debug|Any CPU.ActiveCfg = Debug|Any CPU
		{62BCEA90-3C29-4C26-A909-77E26BBA41D0}.Debug|Any CPU.Build.0 = Debug|Any CPU
		{62BCEA90-3C29-4C26-A909-77E26BBA41D0}.ProjectRefs|Any CPU.ActiveCfg = Release|Any CPU
		{62BCEA90-3C29-4C26-A909-77E26BBA41D0}.ProjectRefs|Any CPU.Build.0 = Release|Any CPU
		{62BCEA90-3C29-4C26-A909-77E26BBA41D0}.Release|Any CPU.ActiveCfg = Release|Any CPU
		{62BCEA90-3C29-4C26-A909-77E26BBA41D0}.Release|Any CPU.Build.0 = Release|Any CPU
		{C6B82064-DCA0-439F-8E41-293242A584AA}.Debug|Any CPU.ActiveCfg = Debug|Any CPU
		{C6B82064-DCA0-439F-8E41-293242A584AA}.Debug|Any CPU.Build.0 = Debug|Any CPU
		{C6B82064-DCA0-439F-8E41-293242A584AA}.Debug|Any CPU.Deploy.0 = Debug|Any CPU
		{C6B82064-DCA0-439F-8E41-293242A584AA}.ProjectRefs|Any CPU.ActiveCfg = Debug|Any CPU
		{C6B82064-DCA0-439F-8E41-293242A584AA}.ProjectRefs|Any CPU.Build.0 = Debug|Any CPU
		{C6B82064-DCA0-439F-8E41-293242A584AA}.ProjectRefs|Any CPU.Deploy.0 = Debug|Any CPU
		{C6B82064-DCA0-439F-8E41-293242A584AA}.Release|Any CPU.ActiveCfg = Release|Any CPU
		{C6B82064-DCA0-439F-8E41-293242A584AA}.Release|Any CPU.Build.0 = Release|Any CPU
		{C6B82064-DCA0-439F-8E41-293242A584AA}.Release|Any CPU.Deploy.0 = Release|Any CPU
		{27B7F6BA-D260-4094-8182-6A0295A40917}.Debug|Any CPU.ActiveCfg = Debug|Any CPU
		{27B7F6BA-D260-4094-8182-6A0295A40917}.Debug|Any CPU.Build.0 = Debug|Any CPU
		{27B7F6BA-D260-4094-8182-6A0295A40917}.Debug|Any CPU.Deploy.0 = Debug|Any CPU
		{27B7F6BA-D260-4094-8182-6A0295A40917}.ProjectRefs|Any CPU.ActiveCfg = Debug|Any CPU
		{27B7F6BA-D260-4094-8182-6A0295A40917}.ProjectRefs|Any CPU.Build.0 = Debug|Any CPU
		{27B7F6BA-D260-4094-8182-6A0295A40917}.ProjectRefs|Any CPU.Deploy.0 = Debug|Any CPU
		{27B7F6BA-D260-4094-8182-6A0295A40917}.Release|Any CPU.ActiveCfg = Release|Any CPU
		{27B7F6BA-D260-4094-8182-6A0295A40917}.Release|Any CPU.Build.0 = Release|Any CPU
		{27B7F6BA-D260-4094-8182-6A0295A40917}.Release|Any CPU.Deploy.0 = Release|Any CPU
		{2DAECD9E-5BAE-4C16-BE82-C29F4423AF1C}.Debug|Any CPU.ActiveCfg = Debug|Any CPU
		{2DAECD9E-5BAE-4C16-BE82-C29F4423AF1C}.Debug|Any CPU.Build.0 = Debug|Any CPU
		{2DAECD9E-5BAE-4C16-BE82-C29F4423AF1C}.Debug|Any CPU.Deploy.0 = Debug|Any CPU
		{2DAECD9E-5BAE-4C16-BE82-C29F4423AF1C}.ProjectRefs|Any CPU.ActiveCfg = ProjectRefs|Any CPU
		{2DAECD9E-5BAE-4C16-BE82-C29F4423AF1C}.ProjectRefs|Any CPU.Build.0 = ProjectRefs|Any CPU
		{2DAECD9E-5BAE-4C16-BE82-C29F4423AF1C}.ProjectRefs|Any CPU.Deploy.0 = ProjectRefs|Any CPU
		{2DAECD9E-5BAE-4C16-BE82-C29F4423AF1C}.Release|Any CPU.ActiveCfg = Release|Any CPU
		{2DAECD9E-5BAE-4C16-BE82-C29F4423AF1C}.Release|Any CPU.Build.0 = Release|Any CPU
		{2DAECD9E-5BAE-4C16-BE82-C29F4423AF1C}.Release|Any CPU.Deploy.0 = Release|Any CPU
		{B9E2D507-178C-406B-9FFD-8FFCB1091345}.Debug|Any CPU.ActiveCfg = Debug|Any CPU
		{B9E2D507-178C-406B-9FFD-8FFCB1091345}.Debug|Any CPU.Build.0 = Debug|Any CPU
		{B9E2D507-178C-406B-9FFD-8FFCB1091345}.Debug|Any CPU.Deploy.0 = Debug|Any CPU
		{B9E2D507-178C-406B-9FFD-8FFCB1091345}.ProjectRefs|Any CPU.ActiveCfg = Debug|Any CPU
		{B9E2D507-178C-406B-9FFD-8FFCB1091345}.ProjectRefs|Any CPU.Build.0 = Debug|Any CPU
		{B9E2D507-178C-406B-9FFD-8FFCB1091345}.ProjectRefs|Any CPU.Deploy.0 = Debug|Any CPU
		{B9E2D507-178C-406B-9FFD-8FFCB1091345}.Release|Any CPU.ActiveCfg = Release|Any CPU
		{B9E2D507-178C-406B-9FFD-8FFCB1091345}.Release|Any CPU.Build.0 = Release|Any CPU
		{B9E2D507-178C-406B-9FFD-8FFCB1091345}.Release|Any CPU.Deploy.0 = Release|Any CPU
		{6A65EE62-0D29-4AB3-BE97-B862205DB3F3}.Debug|Any CPU.ActiveCfg = Debug|Any CPU
		{6A65EE62-0D29-4AB3-BE97-B862205DB3F3}.Debug|Any CPU.Build.0 = Debug|Any CPU
		{6A65EE62-0D29-4AB3-BE97-B862205DB3F3}.Debug|Any CPU.Deploy.0 = Debug|Any CPU
		{6A65EE62-0D29-4AB3-BE97-B862205DB3F3}.ProjectRefs|Any CPU.ActiveCfg = Debug|Any CPU
		{6A65EE62-0D29-4AB3-BE97-B862205DB3F3}.ProjectRefs|Any CPU.Build.0 = Debug|Any CPU
		{6A65EE62-0D29-4AB3-BE97-B862205DB3F3}.ProjectRefs|Any CPU.Deploy.0 = Debug|Any CPU
		{6A65EE62-0D29-4AB3-BE97-B862205DB3F3}.Release|Any CPU.ActiveCfg = Release|Any CPU
		{6A65EE62-0D29-4AB3-BE97-B862205DB3F3}.Release|Any CPU.Build.0 = Release|Any CPU
		{6A65EE62-0D29-4AB3-BE97-B862205DB3F3}.Release|Any CPU.Deploy.0 = Release|Any CPU
		{492F9358-CF0C-4BDA-8B41-93BFB6D17671}.Debug|Any CPU.ActiveCfg = Debug|Any CPU
		{492F9358-CF0C-4BDA-8B41-93BFB6D17671}.Debug|Any CPU.Build.0 = Debug|Any CPU
		{492F9358-CF0C-4BDA-8B41-93BFB6D17671}.Debug|Any CPU.Deploy.0 = Debug|Any CPU
		{492F9358-CF0C-4BDA-8B41-93BFB6D17671}.ProjectRefs|Any CPU.ActiveCfg = ProjectRefs|Any CPU
		{492F9358-CF0C-4BDA-8B41-93BFB6D17671}.ProjectRefs|Any CPU.Build.0 = ProjectRefs|Any CPU
		{492F9358-CF0C-4BDA-8B41-93BFB6D17671}.ProjectRefs|Any CPU.Deploy.0 = ProjectRefs|Any CPU
		{492F9358-CF0C-4BDA-8B41-93BFB6D17671}.Release|Any CPU.ActiveCfg = Release|Any CPU
		{492F9358-CF0C-4BDA-8B41-93BFB6D17671}.Release|Any CPU.Build.0 = Release|Any CPU
		{492F9358-CF0C-4BDA-8B41-93BFB6D17671}.Release|Any CPU.Deploy.0 = Release|Any CPU
		{7B35A0E2-FCB8-4EBD-85FE-C6293C82FD95}.Debug|Any CPU.ActiveCfg = Debug|Any CPU
		{7B35A0E2-FCB8-4EBD-85FE-C6293C82FD95}.Debug|Any CPU.Build.0 = Debug|Any CPU
		{7B35A0E2-FCB8-4EBD-85FE-C6293C82FD95}.Debug|Any CPU.Deploy.0 = Debug|Any CPU
		{7B35A0E2-FCB8-4EBD-85FE-C6293C82FD95}.ProjectRefs|Any CPU.ActiveCfg = Debug|Any CPU
		{7B35A0E2-FCB8-4EBD-85FE-C6293C82FD95}.ProjectRefs|Any CPU.Build.0 = Debug|Any CPU
		{7B35A0E2-FCB8-4EBD-85FE-C6293C82FD95}.ProjectRefs|Any CPU.Deploy.0 = Debug|Any CPU
		{7B35A0E2-FCB8-4EBD-85FE-C6293C82FD95}.Release|Any CPU.ActiveCfg = Release|Any CPU
		{7B35A0E2-FCB8-4EBD-85FE-C6293C82FD95}.Release|Any CPU.Build.0 = Release|Any CPU
		{7B35A0E2-FCB8-4EBD-85FE-C6293C82FD95}.Release|Any CPU.Deploy.0 = Release|Any CPU
		{7B414AE0-31DC-4386-8EDD-C6E805BBE8EA}.Debug|Any CPU.ActiveCfg = Debug|Any CPU
		{7B414AE0-31DC-4386-8EDD-C6E805BBE8EA}.Debug|Any CPU.Build.0 = Debug|Any CPU
		{7B414AE0-31DC-4386-8EDD-C6E805BBE8EA}.ProjectRefs|Any CPU.ActiveCfg = Debug|Any CPU
		{7B414AE0-31DC-4386-8EDD-C6E805BBE8EA}.ProjectRefs|Any CPU.Build.0 = Debug|Any CPU
		{7B414AE0-31DC-4386-8EDD-C6E805BBE8EA}.Release|Any CPU.ActiveCfg = Release|Any CPU
		{7B414AE0-31DC-4386-8EDD-C6E805BBE8EA}.Release|Any CPU.Build.0 = Release|Any CPU
	EndGlobalSection
	GlobalSection(SolutionProperties) = preSolution
		HideSolutionNode = FALSE
	EndGlobalSection
	GlobalSection(NestedProjects) = preSolution
		{23B888C9-75AF-4313-BAD6-92B1EB7779E2} = {EB6241B5-16A8-45A2-B75F-818CB2DB9192}
		{995134CD-ED5A-4FB4-B8B5-1A4AA7713B80} = {23B888C9-75AF-4313-BAD6-92B1EB7779E2}
		{430E1E84-42E0-444A-B178-AB670FA0C1AF} = {EB6241B5-16A8-45A2-B75F-818CB2DB9192}
		{9C0F6DAE-4CA9-46BB-89B6-E936D13BA44C} = {430E1E84-42E0-444A-B178-AB670FA0C1AF}
		{45BE5E28-5BA2-4B4A-8517-AE5BE4316DF3} = {F5C5DA0D-3A7B-43A6-BAB5-3B4AEED99B9B}
		{62BCEA90-3C29-4C26-A909-77E26BBA41D0} = {449465E9-95C2-422E-9548-E1B4C9F9D85B}
		{C6B82064-DCA0-439F-8E41-293242A584AA} = {F5C5DA0D-3A7B-43A6-BAB5-3B4AEED99B9B}
		{27B7F6BA-D260-4094-8182-6A0295A40917} = {F5C5DA0D-3A7B-43A6-BAB5-3B4AEED99B9B}
		{2DAECD9E-5BAE-4C16-BE82-C29F4423AF1C} = {F5C5DA0D-3A7B-43A6-BAB5-3B4AEED99B9B}
		{B9E2D507-178C-406B-9FFD-8FFCB1091345} = {F5C5DA0D-3A7B-43A6-BAB5-3B4AEED99B9B}
		{6A65EE62-0D29-4AB3-BE97-B862205DB3F3} = {F5C5DA0D-3A7B-43A6-BAB5-3B4AEED99B9B}
		{492F9358-CF0C-4BDA-8B41-93BFB6D17671} = {F5C5DA0D-3A7B-43A6-BAB5-3B4AEED99B9B}
		{7B35A0E2-FCB8-4EBD-85FE-C6293C82FD95} = {F5C5DA0D-3A7B-43A6-BAB5-3B4AEED99B9B}
		{7B414AE0-31DC-4386-8EDD-C6E805BBE8EA} = {F5C5DA0D-3A7B-43A6-BAB5-3B4AEED99B9B}
	EndGlobalSection
	GlobalSection(ExtensibilityGlobals) = postSolution
		SolutionGuid = {7E6ED5BA-7442-4B70-8045-D87C76CB7968}
	EndGlobalSection
EndGlobal
