
Microsoft Visual Studio Solution File, Format Version 12.00
# Visual Studio Version 17
VisualStudioVersion = 17.1.32421.90
MinimumVisualStudioVersion = 10.0.40219.1
Project("{2150E333-8FDC-42A3-9474-1A3956D46DE8}") = "ref", "ref", "{5D95B73B-52D0-44D7-96D9-686785DCCF04}"
EndProject
Project("{9A19103F-16F7-4668-BE54-9A1E7A4F7556}") = "Meadow.Units", "..\Meadow.Units\Source\Meadow.Units\Meadow.Units.csproj", "{D93738B1-15C2-4627-A410-5EFDC703EEBC}"
EndProject
Project("{9A19103F-16F7-4668-BE54-9A1E7A4F7556}") = "Meadow.Contracts", "..\Meadow.Contracts\Source\Meadow.Contracts\Meadow.Contracts.csproj", "{640079BF-28F9-4AA4-945C-DA85D83B4868}"
EndProject
Project("{9A19103F-16F7-4668-BE54-9A1E7A4F7556}") = "Meadow.Core", "..\Meadow.Core\source\Meadow.Core\Meadow.Core.csproj", "{F1DC20A1-E102-4EFA-9EA8-74A07DAED14F}"
EndProject
Project("{9A19103F-16F7-4668-BE54-9A1E7A4F7556}") = "Meadow.F7", "..\Meadow.Core\source\Meadow.F7\Meadow.F7.csproj", "{BCC57AA3-0DBF-46F4-84E4-022467D2D4E3}"
EndProject
Project("{9A19103F-16F7-4668-BE54-9A1E7A4F7556}") = "DiscreteLoopback_v2", "src\Validation\loopback\DiscreteLoopback\DiscreteLoopback_v2.csproj", "{4A15C74B-73B4-4EC0-84E0-BE3FD657B03C}"
EndProject
Project("{9A19103F-16F7-4668-BE54-9A1E7A4F7556}") = "Meadow.Foundation.Core", "..\Meadow.Foundation\Source\Meadow.Foundation.Core\Meadow.Foundation.Core.csproj", "{FC1774A0-4DC0-4F74-A181-CE7BC25DEA09}"
EndProject
Global
	GlobalSection(SolutionConfigurationPlatforms) = preSolution
		Debug|Any CPU = Debug|Any CPU
		Release|Any CPU = Release|Any CPU
	EndGlobalSection
	GlobalSection(ProjectConfigurationPlatforms) = postSolution
		{D93738B1-15C2-4627-A410-5EFDC703EEBC}.Debug|Any CPU.ActiveCfg = Debug|Any CPU
		{D93738B1-15C2-4627-A410-5EFDC703EEBC}.Debug|Any CPU.Build.0 = Debug|Any CPU
		{D93738B1-15C2-4627-A410-5EFDC703EEBC}.Debug|Any CPU.Deploy.0 = Debug|Any CPU
		{D93738B1-15C2-4627-A410-5EFDC703EEBC}.Release|Any CPU.ActiveCfg = Release|Any CPU
		{D93738B1-15C2-4627-A410-5EFDC703EEBC}.Release|Any CPU.Build.0 = Release|Any CPU
		{D93738B1-15C2-4627-A410-5EFDC703EEBC}.Release|Any CPU.Deploy.0 = Release|Any CPU
		{640079BF-28F9-4AA4-945C-DA85D83B4868}.Debug|Any CPU.ActiveCfg = Debug|Any CPU
		{640079BF-28F9-4AA4-945C-DA85D83B4868}.Debug|Any CPU.Build.0 = Debug|Any CPU
		{640079BF-28F9-4AA4-945C-DA85D83B4868}.Debug|Any CPU.Deploy.0 = Debug|Any CPU
		{640079BF-28F9-4AA4-945C-DA85D83B4868}.Release|Any CPU.ActiveCfg = Release|Any CPU
		{640079BF-28F9-4AA4-945C-DA85D83B4868}.Release|Any CPU.Build.0 = Release|Any CPU
		{640079BF-28F9-4AA4-945C-DA85D83B4868}.Release|Any CPU.Deploy.0 = Release|Any CPU
		{F1DC20A1-E102-4EFA-9EA8-74A07DAED14F}.Debug|Any CPU.ActiveCfg = Debug|Any CPU
		{F1DC20A1-E102-4EFA-9EA8-74A07DAED14F}.Debug|Any CPU.Build.0 = Debug|Any CPU
		{F1DC20A1-E102-4EFA-9EA8-74A07DAED14F}.Debug|Any CPU.Deploy.0 = Debug|Any CPU
		{F1DC20A1-E102-4EFA-9EA8-74A07DAED14F}.Release|Any CPU.ActiveCfg = Release|Any CPU
		{F1DC20A1-E102-4EFA-9EA8-74A07DAED14F}.Release|Any CPU.Build.0 = Release|Any CPU
		{F1DC20A1-E102-4EFA-9EA8-74A07DAED14F}.Release|Any CPU.Deploy.0 = Release|Any CPU
		{BCC57AA3-0DBF-46F4-84E4-022467D2D4E3}.Debug|Any CPU.ActiveCfg = Debug|Any CPU
		{BCC57AA3-0DBF-46F4-84E4-022467D2D4E3}.Debug|Any CPU.Build.0 = Debug|Any CPU
		{BCC57AA3-0DBF-46F4-84E4-022467D2D4E3}.Debug|Any CPU.Deploy.0 = Debug|Any CPU
		{BCC57AA3-0DBF-46F4-84E4-022467D2D4E3}.Release|Any CPU.ActiveCfg = Release|Any CPU
		{BCC57AA3-0DBF-46F4-84E4-022467D2D4E3}.Release|Any CPU.Build.0 = Release|Any CPU
		{BCC57AA3-0DBF-46F4-84E4-022467D2D4E3}.Release|Any CPU.Deploy.0 = Release|Any CPU
		{4A15C74B-73B4-4EC0-84E0-BE3FD657B03C}.Debug|Any CPU.ActiveCfg = Debug|Any CPU
		{4A15C74B-73B4-4EC0-84E0-BE3FD657B03C}.Debug|Any CPU.Build.0 = Debug|Any CPU
		{4A15C74B-73B4-4EC0-84E0-BE3FD657B03C}.Debug|Any CPU.Deploy.0 = Debug|Any CPU
		{4A15C74B-73B4-4EC0-84E0-BE3FD657B03C}.Release|Any CPU.ActiveCfg = Release|Any CPU
		{4A15C74B-73B4-4EC0-84E0-BE3FD657B03C}.Release|Any CPU.Build.0 = Release|Any CPU
		{4A15C74B-73B4-4EC0-84E0-BE3FD657B03C}.Release|Any CPU.Deploy.0 = Release|Any CPU
		{FC1774A0-4DC0-4F74-A181-CE7BC25DEA09}.Debug|Any CPU.ActiveCfg = Debug|Any CPU
		{FC1774A0-4DC0-4F74-A181-CE7BC25DEA09}.Debug|Any CPU.Build.0 = Debug|Any CPU
		{FC1774A0-4DC0-4F74-A181-CE7BC25DEA09}.Debug|Any CPU.Deploy.0 = Debug|Any CPU
		{FC1774A0-4DC0-4F74-A181-CE7BC25DEA09}.Release|Any CPU.ActiveCfg = Release|Any CPU
		{FC1774A0-4DC0-4F74-A181-CE7BC25DEA09}.Release|Any CPU.Build.0 = Release|Any CPU
		{FC1774A0-4DC0-4F74-A181-CE7BC25DEA09}.Release|Any CPU.Deploy.0 = Release|Any CPU
	EndGlobalSection
	GlobalSection(SolutionProperties) = preSolution
		HideSolutionNode = FALSE
	EndGlobalSection
	GlobalSection(NestedProjects) = preSolution
		{D93738B1-15C2-4627-A410-5EFDC703EEBC} = {5D95B73B-52D0-44D7-96D9-686785DCCF04}
		{640079BF-28F9-4AA4-945C-DA85D83B4868} = {5D95B73B-52D0-44D7-96D9-686785DCCF04}
		{F1DC20A1-E102-4EFA-9EA8-74A07DAED14F} = {5D95B73B-52D0-44D7-96D9-686785DCCF04}
		{BCC57AA3-0DBF-46F4-84E4-022467D2D4E3} = {5D95B73B-52D0-44D7-96D9-686785DCCF04}
		{FC1774A0-4DC0-4F74-A181-CE7BC25DEA09} = {5D95B73B-52D0-44D7-96D9-686785DCCF04}
	EndGlobalSection
	GlobalSection(ExtensibilityGlobals) = postSolution
		SolutionGuid = {1D8BDD17-DE9B-4015-8158-F44165D7BB99}
	EndGlobalSection
EndGlobal
