
Microsoft Visual Studio Solution File, Format Version 12.00
# Visual Studio Version 17
VisualStudioVersion = 17.5.002.0
MinimumVisualStudioVersion = 10.0.40219.1
Project("{9A19103F-16F7-4668-BE54-9A1E7A4F7556}") = "FeatherF7SoakTestRunner", "FeatherF7SoakTestRunner.csproj", "{99980AEC-E7B0-432D-9763-A7928B3C742E}"
EndProject
Global
	GlobalSection(SolutionConfigurationPlatforms) = preSolution
		Debug|Any CPU = Debug|Any CPU
		Release|Any CPU = Release|Any CPU
	EndGlobalSection
	GlobalSection(ProjectConfigurationPlatforms) = postSolution
		{99980AEC-E7B0-432D-9763-A7928B3C742E}.Debug|Any CPU.ActiveCfg = Debug|Any CPU
		{99980AEC-E7B0-432D-9763-A7928B3C742E}.Debug|Any CPU.Build.0 = Debug|Any CPU
		{99980AEC-E7B0-432D-9763-A7928B3C742E}.Release|Any CPU.ActiveCfg = Release|Any CPU
		{99980AEC-E7B0-432D-9763-A7928B3C742E}.Release|Any CPU.Build.0 = Release|Any CPU
	EndGlobalSection
	GlobalSection(SolutionProperties) = preSolution
		HideSolutionNode = FALSE
	EndGlobalSection
	GlobalSection(ExtensibilityGlobals) = postSolution
		SolutionGuid = {8355D070-D226-4882-9FAB-A84B4CEB44F0}
	EndGlobalSection
EndGlobal
