
Microsoft Visual Studio Solution File, Format Version 12.00
# Visual Studio Version 17
VisualStudioVersion = 17.5.002.0
MinimumVisualStudioVersion = 10.0.40219.1
Project("{9A19103F-16F7-4668-BE54-9A1E7A4F7556}") = "ProjectLabV3Test", "ProjectLabV3Test.csproj", "{DD2A4A8C-9FB7-449E-83E4-7DC337059536}"
EndProject
Global
	GlobalSection(SolutionConfigurationPlatforms) = preSolution
		Debug|Any CPU = Debug|Any CPU
		Release|Any CPU = Release|Any CPU
	EndGlobalSection
	GlobalSection(ProjectConfigurationPlatforms) = postSolution
		{DD2A4A8C-9FB7-449E-83E4-7DC337059536}.Debug|Any CPU.ActiveCfg = Debug|Any CPU
		{DD2A4A8C-9FB7-449E-83E4-7DC337059536}.Debug|Any CPU.Build.0 = Debug|Any CPU
		{DD2A4A8C-9FB7-449E-83E4-7DC337059536}.Release|Any CPU.ActiveCfg = Release|Any CPU
		{DD2A4A8C-9FB7-449E-83E4-7DC337059536}.Release|Any CPU.Build.0 = Release|Any CPU
	EndGlobalSection
	GlobalSection(SolutionProperties) = preSolution
		HideSolutionNode = FALSE
	EndGlobalSection
	GlobalSection(ExtensibilityGlobals) = postSolution
		SolutionGuid = {3667C9C8-ED8A-4B88-804C-BFEB9F638A0E}
	EndGlobalSection
EndGlobal
