Microsoft Visual Studio Solution File, Format Version 12.00
# Visual Studio Version 17
VisualStudioVersion = 17.1.31911.260
MinimumVisualStudioVersion = 10.0.40219.1
Project("{2150E333-8FDC-42A3-9474-1A3956D46DE8}") = "docs", "docs", "{085FCF8D-543A-465C-B239-BCEFC3B75537}"
	ProjectSection(SolutionItems) = preProject
		..\doc\authoring-tests.md = ..\doc\authoring-tests.md
		..\doc\config.md = ..\doc\config.md
		..\doc\implementation.md = ..\doc\implementation.md
		..\doc\raspi.md = ..\doc\raspi.md
		..\doc\rest-api.md = ..\doc\rest-api.md
		..\doc\setup.md = ..\doc\setup.md
		..\doc\TestSuite.postman_collection.json = ..\doc\TestSuite.postman_collection.json
		..\doc\usage.md = ..\doc\usage.md
	EndProjectSection
EndProject
Project("{2150E333-8FDC-42A3-9474-1A3956D46DE8}") = "Test Assemblies", "Test Assemblies", "{EB6241B5-16A8-45A2-B75F-818CB2DB9192}"
EndProject
Project("{2150E333-8FDC-42A3-9474-1A3956D46DE8}") = "AISU", "AISU", "{23B888C9-75AF-4313-BAD6-92B1EB7779E2}"
EndProject
Project("{9A19103F-16F7-4668-BE54-9A1E7A4F7556}") = "Tests.AISU", "..\Meadow.Tests\Source\TestSuite\Tests.AISU\Tests.AISU.csproj", "{995134CD-ED5A-4FB4-B8B5-1A4AA7713B80}"
EndProject
Project("{2150E333-8FDC-42A3-9474-1A3956D46DE8}") = "F7Loopback", "F7Loopback", "{430E1E84-42E0-444A-B178-AB670FA0C1AF}"
EndProject
Project("{9A19103F-16F7-4668-BE54-9A1E7A4F7556}") = "Tests.F7Loopback", "..\Meadow.Tests\Source\TestSuite\Tests.F7Loopback\Tests.F7Loopback.csproj", "{9C0F6DAE-4CA9-46BB-89B6-E936D13BA44C}"
EndProject
Project("{2150E333-8FDC-42A3-9474-1A3956D46DE8}") = "refs", "refs", "{F5C5DA0D-3A7B-43A6-BAB5-3B4AEED99B9B}"
EndProject
Project("{9A19103F-16F7-4668-BE54-9A1E7A4F7556}") = "Meadow.TestSuite.Core", "TestSuite\Meadow.TestSuite.Core\Meadow.TestSuite.Core.csproj", "{C33E8823-1A2F-4EA7-AEEE-E55CDC1B8C99}"
EndProject
Project("{9A19103F-16F7-4668-BE54-9A1E7A4F7556}") = "Meadow.TestSuite.Cli", "TestSuite\Meadow.TestSuite.Cli\Meadow.TestSuite.Cli.csproj", "{3728D376-199E-4E2C-938C-EFADEFFAD750}"
EndProject
Project("{9A19103F-16F7-4668-BE54-9A1E7A4F7556}") = "Meadow.TestSuite.Director", "TestSuite\Meadow.TestSuite.Director\Meadow.TestSuite.Director.csproj", "{FD78537E-1234-4562-8443-F124E132AF00}"
EndProject
Project("{9A19103F-16F7-4668-BE54-9A1E7A4F7556}") = "Meadow.TestSuite.Worker.F7", "TestSuite\Meadow.TestSuite.Worker\Meadow.TestSuite.Worker.F7.csproj", "{99BC2D04-9B05-4718-B31A-CE6F7F192BA6}"
EndProject
Project("{9A19103F-16F7-4668-BE54-9A1E7A4F7556}") = "TestSuite.Unit.Tests", "TestSuite\TestSuite.Unit.Tests\TestSuite.Unit.Tests.csproj", "{9F4C0C3B-368F-49A8-A895-02E001CC7A2D}"
EndProject
Project("{9A19103F-16F7-4668-BE54-9A1E7A4F7556}") = "Meadow.Contracts", "..\..\Meadow.Contracts\Source\Meadow.Contracts\Meadow.Contracts.csproj", "{AEA3FF5F-E97E-4E34-BFCB-FDF6F6FCEC10}"
EndProject
Project("{9A19103F-16F7-4668-BE54-9A1E7A4F7556}") = "Meadow.Core", "..\..\Meadow.Core\source\Meadow.Core\Meadow.Core.csproj", "{C7B9479F-1600-4482-8C97-C45699CE9706}"
EndProject
Project("{9A19103F-16F7-4668-BE54-9A1E7A4F7556}") = "Meadow.Foundation.Core", "..\..\Meadow.Foundation\Source\Meadow.Foundation.Core\Meadow.Foundation.Core.csproj", "{125E45E7-6CF6-4F81-8DB6-0D9111A484C8}"
EndProject
Project("{9A19103F-16F7-4668-BE54-9A1E7A4F7556}") = "Displays.TftSpi", "..\..\Meadow.Foundation\Source\Meadow.Foundation.Peripherals\Displays.TftSpi\Driver\Displays.TftSpi.csproj", "{547D289F-76A0-4A96-875E-1BDE6A8462F6}"
EndProject
Project("{9A19103F-16F7-4668-BE54-9A1E7A4F7556}") = "Graphics.MicroGraphics", "..\..\Meadow.Foundation\Source\Meadow.Foundation.Libraries_and_Frameworks\Graphics.MicroGraphics\Driver\Graphics.MicroGraphics.csproj", "{80F6E263-55E8-4B00-82B8-FB96C7D3BDDE}"
EndProject
Project("{9A19103F-16F7-4668-BE54-9A1E7A4F7556}") = "Meadow.Logging", "..\..\Meadow.Logging\Source\Meadow.Logging\lib\Meadow.Logging.csproj", "{BEE78C78-C021-495E-A54D-00601F9A4B72}"
EndProject
Project("{9A19103F-16F7-4668-BE54-9A1E7A4F7556}") = "Meadow.F7", "..\..\Meadow.Core\source\implementations\f7\Meadow.F7\Meadow.F7.csproj", "{7E2A43AF-3462-4415-93C0-DBB72AD9CBD0}"
EndProject
Project("{9A19103F-16F7-4668-BE54-9A1E7A4F7556}") = "Web.Maple.Server", "..\..\Maple\Source\Web.Maple.Server\Web.Maple.Server.csproj", "{92629707-AAA8-4B7C-B4AB-0EDBCC3FF6DD}"
EndProject
Project("{9A19103F-16F7-4668-BE54-9A1E7A4F7556}") = "Meadow.HCom", "..\..\Meadow.CLI\Source\v2\Meadow.Hcom\Meadow.HCom.csproj", "{E69EC4E1-B68E-4D51-8D93-BB3C9E524A07}"
EndProject
Project("{9A19103F-16F7-4668-BE54-9A1E7A4F7556}") = "Meadow.Tooling.Core", "..\..\Meadow.CLI\Source\v2\Meadow.Tooling.Core\Meadow.Tooling.Core.csproj", "{91A31291-3DDE-4A1B-BFB2-2E21A2CE8061}"
EndProject
Project("{2150E333-8FDC-42A3-9474-1A3956D46DE8}") = "HcomBulkTest", "HcomBulkTest", "{A09D82F8-C702-4E3E-BCBD-F9B0CC343704}"
EndProject
Project("{FAE04EC0-301F-11D3-BF4B-00C04F79EFBC}") = "ProjectLabBaseTests", "ProjectLabBaseTests\ProjectLabBaseTests.csproj", "{258FC413-F82A-47FB-91FC-AFEB5C1FC8F3}"
EndProject
Project("{9A19103F-16F7-4668-BE54-9A1E7A4F7556}") = "Meadow.ProjectLab", "..\..\Meadow.ProjectLab\Source\Meadow.ProjectLab\Meadow.ProjectLab.csproj", "{4F50F9B7-F510-4DD3-B13D-DBF6E288A9EC}"
EndProject
Global
	GlobalSection(SolutionConfigurationPlatforms) = preSolution
		Debug|Any CPU = Debug|Any CPU
		ProjectRefs|Any CPU = ProjectRefs|Any CPU
		Release|Any CPU = Release|Any CPU
	EndGlobalSection
	GlobalSection(ProjectConfigurationPlatforms) = postSolution
		{995134CD-ED5A-4FB4-B8B5-1A4AA7713B80}.Debug|Any CPU.ActiveCfg = Debug|Any CPU
		{995134CD-ED5A-4FB4-B8B5-1A4AA7713B80}.Debug|Any CPU.Build.0 = Debug|Any CPU
		{995134CD-ED5A-4FB4-B8B5-1A4AA7713B80}.Debug|Any CPU.Deploy.0 = Debug|Any CPU
		{995134CD-ED5A-4FB4-B8B5-1A4AA7713B80}.ProjectRefs|Any CPU.ActiveCfg = Release|Any CPU
		{995134CD-ED5A-4FB4-B8B5-1A4AA7713B80}.ProjectRefs|Any CPU.Build.0 = Release|Any CPU
		{995134CD-ED5A-4FB4-B8B5-1A4AA7713B80}.ProjectRefs|Any CPU.Deploy.0 = Release|Any CPU
		{995134CD-ED5A-4FB4-B8B5-1A4AA7713B80}.Release|Any CPU.ActiveCfg = Release|Any CPU
		{995134CD-ED5A-4FB4-B8B5-1A4AA7713B80}.Release|Any CPU.Build.0 = Release|Any CPU
		{995134CD-ED5A-4FB4-B8B5-1A4AA7713B80}.Release|Any CPU.Deploy.0 = Release|Any CPU
		{9C0F6DAE-4CA9-46BB-89B6-E936D13BA44C}.Debug|Any CPU.ActiveCfg = Debug|Any CPU
		{9C0F6DAE-4CA9-46BB-89B6-E936D13BA44C}.Debug|Any CPU.Build.0 = Debug|Any CPU
		{9C0F6DAE-4CA9-46BB-89B6-E936D13BA44C}.Debug|Any CPU.Deploy.0 = Debug|Any CPU
		{9C0F6DAE-4CA9-46BB-89B6-E936D13BA44C}.ProjectRefs|Any CPU.ActiveCfg = Release|Any CPU
		{9C0F6DAE-4CA9-46BB-89B6-E936D13BA44C}.ProjectRefs|Any CPU.Build.0 = Release|Any CPU
		{9C0F6DAE-4CA9-46BB-89B6-E936D13BA44C}.ProjectRefs|Any CPU.Deploy.0 = Release|Any CPU
		{9C0F6DAE-4CA9-46BB-89B6-E936D13BA44C}.Release|Any CPU.ActiveCfg = Release|Any CPU
		{9C0F6DAE-4CA9-46BB-89B6-E936D13BA44C}.Release|Any CPU.Build.0 = Release|Any CPU
		{9C0F6DAE-4CA9-46BB-89B6-E936D13BA44C}.Release|Any CPU.Deploy.0 = Release|Any CPU
		{C33E8823-1A2F-4EA7-AEEE-E55CDC1B8C99}.Debug|Any CPU.ActiveCfg = Debug|Any CPU
		{C33E8823-1A2F-4EA7-AEEE-E55CDC1B8C99}.Debug|Any CPU.Build.0 = Debug|Any CPU
		{C33E8823-1A2F-4EA7-AEEE-E55CDC1B8C99}.Debug|Any CPU.Deploy.0 = Debug|Any CPU
		{C33E8823-1A2F-4EA7-AEEE-E55CDC1B8C99}.ProjectRefs|Any CPU.ActiveCfg = Debug|Any CPU
		{C33E8823-1A2F-4EA7-AEEE-E55CDC1B8C99}.ProjectRefs|Any CPU.Build.0 = Debug|Any CPU
		{C33E8823-1A2F-4EA7-AEEE-E55CDC1B8C99}.ProjectRefs|Any CPU.Deploy.0 = Debug|Any CPU
		{C33E8823-1A2F-4EA7-AEEE-E55CDC1B8C99}.Release|Any CPU.ActiveCfg = Release|Any CPU
		{C33E8823-1A2F-4EA7-AEEE-E55CDC1B8C99}.Release|Any CPU.Build.0 = Release|Any CPU
		{C33E8823-1A2F-4EA7-AEEE-E55CDC1B8C99}.Release|Any CPU.Deploy.0 = Release|Any CPU
		{3728D376-199E-4E2C-938C-EFADEFFAD750}.Debug|Any CPU.ActiveCfg = Debug|Any CPU
		{3728D376-199E-4E2C-938C-EFADEFFAD750}.Debug|Any CPU.Build.0 = Debug|Any CPU
		{3728D376-199E-4E2C-938C-EFADEFFAD750}.ProjectRefs|Any CPU.ActiveCfg = Debug|Any CPU
		{3728D376-199E-4E2C-938C-EFADEFFAD750}.ProjectRefs|Any CPU.Build.0 = Debug|Any CPU
		{3728D376-199E-4E2C-938C-EFADEFFAD750}.Release|Any CPU.ActiveCfg = Release|Any CPU
		{3728D376-199E-4E2C-938C-EFADEFFAD750}.Release|Any CPU.Build.0 = Release|Any CPU
		{FD78537E-1234-4562-8443-F124E132AF00}.Debug|Any CPU.ActiveCfg = Debug|Any CPU
		{FD78537E-1234-4562-8443-F124E132AF00}.Debug|Any CPU.Build.0 = Debug|Any CPU
		{FD78537E-1234-4562-8443-F124E132AF00}.ProjectRefs|Any CPU.ActiveCfg = Debug|Any CPU
		{FD78537E-1234-4562-8443-F124E132AF00}.ProjectRefs|Any CPU.Build.0 = Debug|Any CPU
		{FD78537E-1234-4562-8443-F124E132AF00}.Release|Any CPU.ActiveCfg = Release|Any CPU
		{FD78537E-1234-4562-8443-F124E132AF00}.Release|Any CPU.Build.0 = Release|Any CPU
		{99BC2D04-9B05-4718-B31A-CE6F7F192BA6}.Debug|Any CPU.ActiveCfg = Debug|Any CPU
		{99BC2D04-9B05-4718-B31A-CE6F7F192BA6}.Debug|Any CPU.Build.0 = Debug|Any CPU
		{99BC2D04-9B05-4718-B31A-CE6F7F192BA6}.Debug|Any CPU.Deploy.0 = Debug|Any CPU
		{99BC2D04-9B05-4718-B31A-CE6F7F192BA6}.ProjectRefs|Any CPU.ActiveCfg = Debug|Any CPU
		{99BC2D04-9B05-4718-B31A-CE6F7F192BA6}.ProjectRefs|Any CPU.Build.0 = Debug|Any CPU
		{99BC2D04-9B05-4718-B31A-CE6F7F192BA6}.ProjectRefs|Any CPU.Deploy.0 = Debug|Any CPU
		{99BC2D04-9B05-4718-B31A-CE6F7F192BA6}.Release|Any CPU.ActiveCfg = Release|Any CPU
		{99BC2D04-9B05-4718-B31A-CE6F7F192BA6}.Release|Any CPU.Build.0 = Release|Any CPU
		{99BC2D04-9B05-4718-B31A-CE6F7F192BA6}.Release|Any CPU.Deploy.0 = Release|Any CPU
		{9F4C0C3B-368F-49A8-A895-02E001CC7A2D}.Debug|Any CPU.ActiveCfg = Debug|Any CPU
		{9F4C0C3B-368F-49A8-A895-02E001CC7A2D}.Debug|Any CPU.Build.0 = Debug|Any CPU
		{9F4C0C3B-368F-49A8-A895-02E001CC7A2D}.ProjectRefs|Any CPU.ActiveCfg = Debug|Any CPU
		{9F4C0C3B-368F-49A8-A895-02E001CC7A2D}.ProjectRefs|Any CPU.Build.0 = Debug|Any CPU
		{9F4C0C3B-368F-49A8-A895-02E001CC7A2D}.Release|Any CPU.ActiveCfg = Release|Any CPU
		{9F4C0C3B-368F-49A8-A895-02E001CC7A2D}.Release|Any CPU.Build.0 = Release|Any CPU
		{AEA3FF5F-E97E-4E34-BFCB-FDF6F6FCEC10}.Debug|Any CPU.ActiveCfg = Debug|Any CPU
		{AEA3FF5F-E97E-4E34-BFCB-FDF6F6FCEC10}.Debug|Any CPU.Build.0 = Debug|Any CPU
		{AEA3FF5F-E97E-4E34-BFCB-FDF6F6FCEC10}.Debug|Any CPU.Deploy.0 = Debug|Any CPU
		{AEA3FF5F-E97E-4E34-BFCB-FDF6F6FCEC10}.ProjectRefs|Any CPU.ActiveCfg = Debug|Any CPU
		{AEA3FF5F-E97E-4E34-BFCB-FDF6F6FCEC10}.ProjectRefs|Any CPU.Build.0 = Debug|Any CPU
		{AEA3FF5F-E97E-4E34-BFCB-FDF6F6FCEC10}.ProjectRefs|Any CPU.Deploy.0 = Debug|Any CPU
		{AEA3FF5F-E97E-4E34-BFCB-FDF6F6FCEC10}.Release|Any CPU.ActiveCfg = Release|Any CPU
		{AEA3FF5F-E97E-4E34-BFCB-FDF6F6FCEC10}.Release|Any CPU.Build.0 = Release|Any CPU
		{AEA3FF5F-E97E-4E34-BFCB-FDF6F6FCEC10}.Release|Any CPU.Deploy.0 = Release|Any CPU
		{C7B9479F-1600-4482-8C97-C45699CE9706}.Debug|Any CPU.ActiveCfg = Debug|Any CPU
		{C7B9479F-1600-4482-8C97-C45699CE9706}.Debug|Any CPU.Build.0 = Debug|Any CPU
		{C7B9479F-1600-4482-8C97-C45699CE9706}.Debug|Any CPU.Deploy.0 = Debug|Any CPU
		{C7B9479F-1600-4482-8C97-C45699CE9706}.ProjectRefs|Any CPU.ActiveCfg = Debug|Any CPU
		{C7B9479F-1600-4482-8C97-C45699CE9706}.ProjectRefs|Any CPU.Build.0 = Debug|Any CPU
		{C7B9479F-1600-4482-8C97-C45699CE9706}.ProjectRefs|Any CPU.Deploy.0 = Debug|Any CPU
		{C7B9479F-1600-4482-8C97-C45699CE9706}.Release|Any CPU.ActiveCfg = Release|Any CPU
		{C7B9479F-1600-4482-8C97-C45699CE9706}.Release|Any CPU.Build.0 = Release|Any CPU
		{C7B9479F-1600-4482-8C97-C45699CE9706}.Release|Any CPU.Deploy.0 = Release|Any CPU
		{125E45E7-6CF6-4F81-8DB6-0D9111A484C8}.Debug|Any CPU.ActiveCfg = Debug|Any CPU
		{125E45E7-6CF6-4F81-8DB6-0D9111A484C8}.Debug|Any CPU.Build.0 = Debug|Any CPU
		{125E45E7-6CF6-4F81-8DB6-0D9111A484C8}.Debug|Any CPU.Deploy.0 = Debug|Any CPU
		{125E45E7-6CF6-4F81-8DB6-0D9111A484C8}.ProjectRefs|Any CPU.ActiveCfg = Debug|Any CPU
		{125E45E7-6CF6-4F81-8DB6-0D9111A484C8}.ProjectRefs|Any CPU.Build.0 = Debug|Any CPU
		{125E45E7-6CF6-4F81-8DB6-0D9111A484C8}.ProjectRefs|Any CPU.Deploy.0 = Debug|Any CPU
		{125E45E7-6CF6-4F81-8DB6-0D9111A484C8}.Release|Any CPU.ActiveCfg = Release|Any CPU
		{125E45E7-6CF6-4F81-8DB6-0D9111A484C8}.Release|Any CPU.Build.0 = Release|Any CPU
		{125E45E7-6CF6-4F81-8DB6-0D9111A484C8}.Release|Any CPU.Deploy.0 = Release|Any CPU
		{547D289F-76A0-4A96-875E-1BDE6A8462F6}.Debug|Any CPU.ActiveCfg = Debug|Any CPU
		{547D289F-76A0-4A96-875E-1BDE6A8462F6}.Debug|Any CPU.Build.0 = Debug|Any CPU
		{547D289F-76A0-4A96-875E-1BDE6A8462F6}.Debug|Any CPU.Deploy.0 = Debug|Any CPU
		{547D289F-76A0-4A96-875E-1BDE6A8462F6}.ProjectRefs|Any CPU.ActiveCfg = Debug|Any CPU
		{547D289F-76A0-4A96-875E-1BDE6A8462F6}.ProjectRefs|Any CPU.Build.0 = Debug|Any CPU
		{547D289F-76A0-4A96-875E-1BDE6A8462F6}.ProjectRefs|Any CPU.Deploy.0 = Debug|Any CPU
		{547D289F-76A0-4A96-875E-1BDE6A8462F6}.Release|Any CPU.ActiveCfg = Release|Any CPU
		{547D289F-76A0-4A96-875E-1BDE6A8462F6}.Release|Any CPU.Build.0 = Release|Any CPU
		{547D289F-76A0-4A96-875E-1BDE6A8462F6}.Release|Any CPU.Deploy.0 = Release|Any CPU
		{80F6E263-55E8-4B00-82B8-FB96C7D3BDDE}.Debug|Any CPU.ActiveCfg = Debug|Any CPU
		{80F6E263-55E8-4B00-82B8-FB96C7D3BDDE}.Debug|Any CPU.Build.0 = Debug|Any CPU
		{80F6E263-55E8-4B00-82B8-FB96C7D3BDDE}.Debug|Any CPU.Deploy.0 = Debug|Any CPU
		{80F6E263-55E8-4B00-82B8-FB96C7D3BDDE}.ProjectRefs|Any CPU.ActiveCfg = Debug|Any CPU
		{80F6E263-55E8-4B00-82B8-FB96C7D3BDDE}.ProjectRefs|Any CPU.Build.0 = Debug|Any CPU
		{80F6E263-55E8-4B00-82B8-FB96C7D3BDDE}.ProjectRefs|Any CPU.Deploy.0 = Debug|Any CPU
		{80F6E263-55E8-4B00-82B8-FB96C7D3BDDE}.Release|Any CPU.ActiveCfg = Release|Any CPU
		{80F6E263-55E8-4B00-82B8-FB96C7D3BDDE}.Release|Any CPU.Build.0 = Release|Any CPU
		{80F6E263-55E8-4B00-82B8-FB96C7D3BDDE}.Release|Any CPU.Deploy.0 = Release|Any CPU
		{BEE78C78-C021-495E-A54D-00601F9A4B72}.Debug|Any CPU.ActiveCfg = Debug|Any CPU
		{BEE78C78-C021-495E-A54D-00601F9A4B72}.Debug|Any CPU.Build.0 = Debug|Any CPU
		{BEE78C78-C021-495E-A54D-00601F9A4B72}.ProjectRefs|Any CPU.ActiveCfg = Debug|Any CPU
		{BEE78C78-C021-495E-A54D-00601F9A4B72}.ProjectRefs|Any CPU.Build.0 = Debug|Any CPU
		{BEE78C78-C021-495E-A54D-00601F9A4B72}.Release|Any CPU.ActiveCfg = Release|Any CPU
		{BEE78C78-C021-495E-A54D-00601F9A4B72}.Release|Any CPU.Build.0 = Release|Any CPU
		{7E2A43AF-3462-4415-93C0-DBB72AD9CBD0}.Debug|Any CPU.ActiveCfg = Debug|Any CPU
		{7E2A43AF-3462-4415-93C0-DBB72AD9CBD0}.Debug|Any CPU.Build.0 = Debug|Any CPU
		{7E2A43AF-3462-4415-93C0-DBB72AD9CBD0}.Debug|Any CPU.Deploy.0 = Debug|Any CPU
		{7E2A43AF-3462-4415-93C0-DBB72AD9CBD0}.ProjectRefs|Any CPU.ActiveCfg = Debug|Any CPU
		{7E2A43AF-3462-4415-93C0-DBB72AD9CBD0}.ProjectRefs|Any CPU.Build.0 = Debug|Any CPU
		{7E2A43AF-3462-4415-93C0-DBB72AD9CBD0}.ProjectRefs|Any CPU.Deploy.0 = Debug|Any CPU
		{7E2A43AF-3462-4415-93C0-DBB72AD9CBD0}.Release|Any CPU.ActiveCfg = Release|Any CPU
		{7E2A43AF-3462-4415-93C0-DBB72AD9CBD0}.Release|Any CPU.Build.0 = Release|Any CPU
		{7E2A43AF-3462-4415-93C0-DBB72AD9CBD0}.Release|Any CPU.Deploy.0 = Release|Any CPU
		{92629707-AAA8-4B7C-B4AB-0EDBCC3FF6DD}.Debug|Any CPU.ActiveCfg = Debug|Any CPU
		{92629707-AAA8-4B7C-B4AB-0EDBCC3FF6DD}.Debug|Any CPU.Build.0 = Debug|Any CPU
		{92629707-AAA8-4B7C-B4AB-0EDBCC3FF6DD}.Debug|Any CPU.Deploy.0 = Debug|Any CPU
		{92629707-AAA8-4B7C-B4AB-0EDBCC3FF6DD}.ProjectRefs|Any CPU.ActiveCfg = Debug|Any CPU
		{92629707-AAA8-4B7C-B4AB-0EDBCC3FF6DD}.ProjectRefs|Any CPU.Build.0 = Debug|Any CPU
		{92629707-AAA8-4B7C-B4AB-0EDBCC3FF6DD}.ProjectRefs|Any CPU.Deploy.0 = Debug|Any CPU
		{92629707-AAA8-4B7C-B4AB-0EDBCC3FF6DD}.Release|Any CPU.ActiveCfg = Release|Any CPU
		{92629707-AAA8-4B7C-B4AB-0EDBCC3FF6DD}.Release|Any CPU.Build.0 = Release|Any CPU
		{92629707-AAA8-4B7C-B4AB-0EDBCC3FF6DD}.Release|Any CPU.Deploy.0 = Release|Any CPU
		{E69EC4E1-B68E-4D51-8D93-BB3C9E524A07}.Debug|Any CPU.ActiveCfg = Debug|Any CPU
		{E69EC4E1-B68E-4D51-8D93-BB3C9E524A07}.Debug|Any CPU.Build.0 = Debug|Any CPU
		{E69EC4E1-B68E-4D51-8D93-BB3C9E524A07}.ProjectRefs|Any CPU.ActiveCfg = Debug|Any CPU
		{E69EC4E1-B68E-4D51-8D93-BB3C9E524A07}.ProjectRefs|Any CPU.Build.0 = Debug|Any CPU
		{E69EC4E1-B68E-4D51-8D93-BB3C9E524A07}.Release|Any CPU.ActiveCfg = Release|Any CPU
		{E69EC4E1-B68E-4D51-8D93-BB3C9E524A07}.Release|Any CPU.Build.0 = Release|Any CPU
		{91A31291-3DDE-4A1B-BFB2-2E21A2CE8061}.Debug|Any CPU.ActiveCfg = Debug|Any CPU
		{91A31291-3DDE-4A1B-BFB2-2E21A2CE8061}.Debug|Any CPU.Build.0 = Debug|Any CPU
		{91A31291-3DDE-4A1B-BFB2-2E21A2CE8061}.ProjectRefs|Any CPU.ActiveCfg = Debug|Any CPU
		{91A31291-3DDE-4A1B-BFB2-2E21A2CE8061}.ProjectRefs|Any CPU.Build.0 = Debug|Any CPU
		{91A31291-3DDE-4A1B-BFB2-2E21A2CE8061}.Release|Any CPU.ActiveCfg = Release|Any CPU
		{91A31291-3DDE-4A1B-BFB2-2E21A2CE8061}.Release|Any CPU.Build.0 = Release|Any CPU
		{258FC413-F82A-47FB-91FC-AFEB5C1FC8F3}.Debug|Any CPU.ActiveCfg = Debug|Any CPU
		{258FC413-F82A-47FB-91FC-AFEB5C1FC8F3}.Debug|Any CPU.Build.0 = Debug|Any CPU
		{258FC413-F82A-47FB-91FC-AFEB5C1FC8F3}.Debug|Any CPU.Deploy.0 = Debug|Any CPU
		{258FC413-F82A-47FB-91FC-AFEB5C1FC8F3}.ProjectRefs|Any CPU.ActiveCfg = Debug|Any CPU
		{258FC413-F82A-47FB-91FC-AFEB5C1FC8F3}.ProjectRefs|Any CPU.Build.0 = Debug|Any CPU
		{258FC413-F82A-47FB-91FC-AFEB5C1FC8F3}.ProjectRefs|Any CPU.Deploy.0 = Debug|Any CPU
		{258FC413-F82A-47FB-91FC-AFEB5C1FC8F3}.Release|Any CPU.ActiveCfg = Release|Any CPU
		{258FC413-F82A-47FB-91FC-AFEB5C1FC8F3}.Release|Any CPU.Build.0 = Release|Any CPU
		{258FC413-F82A-47FB-91FC-AFEB5C1FC8F3}.Release|Any CPU.Deploy.0 = Release|Any CPU
		{4F50F9B7-F510-4DD3-B13D-DBF6E288A9EC}.Debug|Any CPU.ActiveCfg = Debug|Any CPU
		{4F50F9B7-F510-4DD3-B13D-DBF6E288A9EC}.Debug|Any CPU.Build.0 = Debug|Any CPU
		{4F50F9B7-F510-4DD3-B13D-DBF6E288A9EC}.Debug|Any CPU.Deploy.0 = Debug|Any CPU
		{4F50F9B7-F510-4DD3-B13D-DBF6E288A9EC}.ProjectRefs|Any CPU.ActiveCfg = Debug|Any CPU
		{4F50F9B7-F510-4DD3-B13D-DBF6E288A9EC}.ProjectRefs|Any CPU.Build.0 = Debug|Any CPU
		{4F50F9B7-F510-4DD3-B13D-DBF6E288A9EC}.ProjectRefs|Any CPU.Deploy.0 = Debug|Any CPU
		{4F50F9B7-F510-4DD3-B13D-DBF6E288A9EC}.Release|Any CPU.ActiveCfg = Release|Any CPU
		{4F50F9B7-F510-4DD3-B13D-DBF6E288A9EC}.Release|Any CPU.Build.0 = Release|Any CPU
		{4F50F9B7-F510-4DD3-B13D-DBF6E288A9EC}.Release|Any CPU.Deploy.0 = Release|Any CPU
	EndGlobalSection
	GlobalSection(SolutionProperties) = preSolution
		HideSolutionNode = FALSE
	EndGlobalSection
	GlobalSection(NestedProjects) = preSolution
		{23B888C9-75AF-4313-BAD6-92B1EB7779E2} = {EB6241B5-16A8-45A2-B75F-818CB2DB9192}
		{995134CD-ED5A-4FB4-B8B5-1A4AA7713B80} = {23B888C9-75AF-4313-BAD6-92B1EB7779E2}
		{430E1E84-42E0-444A-B178-AB670FA0C1AF} = {EB6241B5-16A8-45A2-B75F-818CB2DB9192}
		{9C0F6DAE-4CA9-46BB-89B6-E936D13BA44C} = {430E1E84-42E0-444A-B178-AB670FA0C1AF}
		{AEA3FF5F-E97E-4E34-BFCB-FDF6F6FCEC10} = {F5C5DA0D-3A7B-43A6-BAB5-3B4AEED99B9B}
		{C7B9479F-1600-4482-8C97-C45699CE9706} = {F5C5DA0D-3A7B-43A6-BAB5-3B4AEED99B9B}
		{125E45E7-6CF6-4F81-8DB6-0D9111A484C8} = {F5C5DA0D-3A7B-43A6-BAB5-3B4AEED99B9B}
		{547D289F-76A0-4A96-875E-1BDE6A8462F6} = {F5C5DA0D-3A7B-43A6-BAB5-3B4AEED99B9B}
		{80F6E263-55E8-4B00-82B8-FB96C7D3BDDE} = {F5C5DA0D-3A7B-43A6-BAB5-3B4AEED99B9B}
		{BEE78C78-C021-495E-A54D-00601F9A4B72} = {F5C5DA0D-3A7B-43A6-BAB5-3B4AEED99B9B}
		{7E2A43AF-3462-4415-93C0-DBB72AD9CBD0} = {F5C5DA0D-3A7B-43A6-BAB5-3B4AEED99B9B}
		{92629707-AAA8-4B7C-B4AB-0EDBCC3FF6DD} = {F5C5DA0D-3A7B-43A6-BAB5-3B4AEED99B9B}
		{E69EC4E1-B68E-4D51-8D93-BB3C9E524A07} = {F5C5DA0D-3A7B-43A6-BAB5-3B4AEED99B9B}
		{91A31291-3DDE-4A1B-BFB2-2E21A2CE8061} = {F5C5DA0D-3A7B-43A6-BAB5-3B4AEED99B9B}
		{A09D82F8-C702-4E3E-BCBD-F9B0CC343704} = {EB6241B5-16A8-45A2-B75F-818CB2DB9192}
		{258FC413-F82A-47FB-91FC-AFEB5C1FC8F3} = {A09D82F8-C702-4E3E-BCBD-F9B0CC343704}
		{4F50F9B7-F510-4DD3-B13D-DBF6E288A9EC} = {F5C5DA0D-3A7B-43A6-BAB5-3B4AEED99B9B}
	EndGlobalSection
	GlobalSection(ExtensibilityGlobals) = postSolution
		SolutionGuid = {7E6ED5BA-7442-4B70-8045-D87C76CB7968}
	EndGlobalSection
EndGlobal
