
Microsoft Visual Studio Solution File, Format Version 12.00
# Visual Studio Version 17
VisualStudioVersion = 17.1.32421.90
MinimumVisualStudioVersion = 10.0.40219.1
Project("{2150E333-8FDC-42A3-9474-1A3956D46DE8}") = "ref", "ref", "{5D95B73B-52D0-44D7-96D9-686785DCCF04}"
EndProject
Project("{9A19103F-16F7-4668-BE54-9A1E7A4F7556}") = "DiscreteLoopback_v2", "Validation\loopback\DiscreteLoopback\DiscreteLoopback_v2.csproj", "{4A15C74B-73B4-4EC0-84E0-BE3FD657B03C}"
EndProject
Project("{9A19103F-16F7-4668-BE54-9A1E7A4F7556}") = "ProjectLab_F7v2", "Validation\projlab\ProjectLab_F7v2.csproj", "{780F80B4-5AF8-4447-8FD3-6A0C9BA18F5A}"
EndProject
Project("{9A19103F-16F7-4668-BE54-9A1E7A4F7556}") = "Meadow.Contracts", "..\..\Meadow.Contracts\Source\Meadow.Contracts\Meadow.Contracts.csproj", "{662C06F3-F57D-4811-8095-FD0EE0AD7AC8}"
EndProject
Project("{9A19103F-16F7-4668-BE54-9A1E7A4F7556}") = "Meadow.Core", "..\..\Meadow.Core\source\Meadow.Core\Meadow.Core.csproj", "{C18605BC-E67E-4247-B3AE-30A2D34030AF}"
EndProject
Project("{9A19103F-16F7-4668-BE54-9A1E7A4F7556}") = "Meadow.F7", "..\..\Meadow.Core\source\Meadow.F7\Meadow.F7.csproj", "{AF1E2217-0A60-4D00-AA83-CEEBC94DB132}"
EndProject
Project("{9A19103F-16F7-4668-BE54-9A1E7A4F7556}") = "Meadow.Foundation.Core", "..\..\Meadow.Foundation\Source\Meadow.Foundation.Core\Meadow.Foundation.Core.csproj", "{DD5CEB17-877B-4301-8345-FA8D42EF730D}"
EndProject
Project("{9A19103F-16F7-4668-BE54-9A1E7A4F7556}") = "Meadow.Units", "..\..\Meadow.Units\Source\Meadow.Units\Meadow.Units.csproj", "{DE8FD9D7-AE5D-4929-9B6B-761D26DBBC28}"
EndProject
Project("{9A19103F-16F7-4668-BE54-9A1E7A4F7556}") = "Displays.TftSpi", "..\..\Meadow.Foundation\Source\Meadow.Foundation.Peripherals\Displays.TftSpi\Driver\Displays.TftSpi.csproj", "{612B9494-148F-44D5-A0BE-A89FC90FCBA0}"
EndProject
Project("{9A19103F-16F7-4668-BE54-9A1E7A4F7556}") = "Sensors.Light.Bh1750", "..\..\Meadow.Foundation\Source\Meadow.Foundation.Peripherals\Sensors.Light.Bh1750\Driver\Sensors.Light.Bh1750.csproj", "{82E42117-591F-468D-8129-5B427EB1E016}"
EndProject
Project("{9A19103F-16F7-4668-BE54-9A1E7A4F7556}") = "Graphics.MicroGraphics", "..\..\Meadow.Foundation\Source\Meadow.Foundation.Libraries_and_Frameworks\Graphics.MicroGraphics\Driver\Graphics.MicroGraphics.csproj", "{B32B6F35-A8EA-4136-9B74-4C20ED79621F}"
EndProject
Project("{9A19103F-16F7-4668-BE54-9A1E7A4F7556}") = "Sensors.Atmospheric.Bme68x", "..\..\Meadow.Foundation\Source\Meadow.Foundation.Peripherals\Sensors.Atmospheric.Bme68x\Driver\Sensors.Atmospheric.Bme68x.csproj", "{2FCF1199-883A-4DE0-A061-CD1604E568BE}"
EndProject
Project("{9A19103F-16F7-4668-BE54-9A1E7A4F7556}") = "Sensors.Motion.Bmi270", "..\..\Meadow.Foundation\Source\Meadow.Foundation.Peripherals\Sensors.Motion.Bmi270\Driver\Sensors.Motion.Bmi270.csproj", "{C054E2AF-466F-4227-832A-3F4A2BC6572A}"
EndProject
Project("{9A19103F-16F7-4668-BE54-9A1E7A4F7556}") = "Meadow.ProjectLab", "..\..\Meadow.Project.Lab\Source\Meadow.ProjectLab\Meadow.ProjectLab.csproj", "{69FC6DAB-5021-495F-8CA3-FD7696377F1A}"
EndProject
Project("{9A19103F-16F7-4668-BE54-9A1E7A4F7556}") = "MQTTnet", "..\..\MQTTnet\Source\MQTTnet\MQTTnet.csproj", "{21451DFF-2AB8-4D13-927B-18385643EBFA}"
EndProject
Global
	GlobalSection(SolutionConfigurationPlatforms) = preSolution
		Debug|Any CPU = Debug|Any CPU
		Release|Any CPU = Release|Any CPU
	EndGlobalSection
	GlobalSection(ProjectConfigurationPlatforms) = postSolution
		{4A15C74B-73B4-4EC0-84E0-BE3FD657B03C}.Debug|Any CPU.ActiveCfg = Debug|Any CPU
		{4A15C74B-73B4-4EC0-84E0-BE3FD657B03C}.Debug|Any CPU.Build.0 = Debug|Any CPU
		{4A15C74B-73B4-4EC0-84E0-BE3FD657B03C}.Debug|Any CPU.Deploy.0 = Debug|Any CPU
		{4A15C74B-73B4-4EC0-84E0-BE3FD657B03C}.Release|Any CPU.ActiveCfg = Release|Any CPU
		{4A15C74B-73B4-4EC0-84E0-BE3FD657B03C}.Release|Any CPU.Build.0 = Release|Any CPU
		{4A15C74B-73B4-4EC0-84E0-BE3FD657B03C}.Release|Any CPU.Deploy.0 = Release|Any CPU
		{780F80B4-5AF8-4447-8FD3-6A0C9BA18F5A}.Debug|Any CPU.ActiveCfg = Debug|Any CPU
		{780F80B4-5AF8-4447-8FD3-6A0C9BA18F5A}.Debug|Any CPU.Build.0 = Debug|Any CPU
		{780F80B4-5AF8-4447-8FD3-6A0C9BA18F5A}.Debug|Any CPU.Deploy.0 = Debug|Any CPU
		{780F80B4-5AF8-4447-8FD3-6A0C9BA18F5A}.Release|Any CPU.ActiveCfg = Release|Any CPU
		{780F80B4-5AF8-4447-8FD3-6A0C9BA18F5A}.Release|Any CPU.Build.0 = Release|Any CPU
		{780F80B4-5AF8-4447-8FD3-6A0C9BA18F5A}.Release|Any CPU.Deploy.0 = Release|Any CPU
		{662C06F3-F57D-4811-8095-FD0EE0AD7AC8}.Debug|Any CPU.ActiveCfg = Debug|Any CPU
		{662C06F3-F57D-4811-8095-FD0EE0AD7AC8}.Debug|Any CPU.Build.0 = Debug|Any CPU
		{662C06F3-F57D-4811-8095-FD0EE0AD7AC8}.Debug|Any CPU.Deploy.0 = Debug|Any CPU
		{662C06F3-F57D-4811-8095-FD0EE0AD7AC8}.Release|Any CPU.ActiveCfg = Release|Any CPU
		{662C06F3-F57D-4811-8095-FD0EE0AD7AC8}.Release|Any CPU.Build.0 = Release|Any CPU
		{662C06F3-F57D-4811-8095-FD0EE0AD7AC8}.Release|Any CPU.Deploy.0 = Release|Any CPU
		{C18605BC-E67E-4247-B3AE-30A2D34030AF}.Debug|Any CPU.ActiveCfg = Debug|Any CPU
		{C18605BC-E67E-4247-B3AE-30A2D34030AF}.Debug|Any CPU.Build.0 = Debug|Any CPU
		{C18605BC-E67E-4247-B3AE-30A2D34030AF}.Debug|Any CPU.Deploy.0 = Debug|Any CPU
		{C18605BC-E67E-4247-B3AE-30A2D34030AF}.Release|Any CPU.ActiveCfg = Release|Any CPU
		{C18605BC-E67E-4247-B3AE-30A2D34030AF}.Release|Any CPU.Build.0 = Release|Any CPU
		{C18605BC-E67E-4247-B3AE-30A2D34030AF}.Release|Any CPU.Deploy.0 = Release|Any CPU
		{AF1E2217-0A60-4D00-AA83-CEEBC94DB132}.Debug|Any CPU.ActiveCfg = Debug|Any CPU
		{AF1E2217-0A60-4D00-AA83-CEEBC94DB132}.Debug|Any CPU.Build.0 = Debug|Any CPU
		{AF1E2217-0A60-4D00-AA83-CEEBC94DB132}.Debug|Any CPU.Deploy.0 = Debug|Any CPU
		{AF1E2217-0A60-4D00-AA83-CEEBC94DB132}.Release|Any CPU.ActiveCfg = Release|Any CPU
		{AF1E2217-0A60-4D00-AA83-CEEBC94DB132}.Release|Any CPU.Build.0 = Release|Any CPU
		{AF1E2217-0A60-4D00-AA83-CEEBC94DB132}.Release|Any CPU.Deploy.0 = Release|Any CPU
		{DD5CEB17-877B-4301-8345-FA8D42EF730D}.Debug|Any CPU.ActiveCfg = Debug|Any CPU
		{DD5CEB17-877B-4301-8345-FA8D42EF730D}.Debug|Any CPU.Build.0 = Debug|Any CPU
		{DD5CEB17-877B-4301-8345-FA8D42EF730D}.Debug|Any CPU.Deploy.0 = Debug|Any CPU
		{DD5CEB17-877B-4301-8345-FA8D42EF730D}.Release|Any CPU.ActiveCfg = Release|Any CPU
		{DD5CEB17-877B-4301-8345-FA8D42EF730D}.Release|Any CPU.Build.0 = Release|Any CPU
		{DD5CEB17-877B-4301-8345-FA8D42EF730D}.Release|Any CPU.Deploy.0 = Release|Any CPU
		{DE8FD9D7-AE5D-4929-9B6B-761D26DBBC28}.Debug|Any CPU.ActiveCfg = Debug|Any CPU
		{DE8FD9D7-AE5D-4929-9B6B-761D26DBBC28}.Debug|Any CPU.Build.0 = Debug|Any CPU
		{DE8FD9D7-AE5D-4929-9B6B-761D26DBBC28}.Debug|Any CPU.Deploy.0 = Debug|Any CPU
		{DE8FD9D7-AE5D-4929-9B6B-761D26DBBC28}.Release|Any CPU.ActiveCfg = Release|Any CPU
		{DE8FD9D7-AE5D-4929-9B6B-761D26DBBC28}.Release|Any CPU.Build.0 = Release|Any CPU
		{DE8FD9D7-AE5D-4929-9B6B-761D26DBBC28}.Release|Any CPU.Deploy.0 = Release|Any CPU
		{612B9494-148F-44D5-A0BE-A89FC90FCBA0}.Debug|Any CPU.ActiveCfg = Debug|Any CPU
		{612B9494-148F-44D5-A0BE-A89FC90FCBA0}.Debug|Any CPU.Build.0 = Debug|Any CPU
		{612B9494-148F-44D5-A0BE-A89FC90FCBA0}.Debug|Any CPU.Deploy.0 = Debug|Any CPU
		{612B9494-148F-44D5-A0BE-A89FC90FCBA0}.Release|Any CPU.ActiveCfg = Release|Any CPU
		{612B9494-148F-44D5-A0BE-A89FC90FCBA0}.Release|Any CPU.Build.0 = Release|Any CPU
		{612B9494-148F-44D5-A0BE-A89FC90FCBA0}.Release|Any CPU.Deploy.0 = Release|Any CPU
		{82E42117-591F-468D-8129-5B427EB1E016}.Debug|Any CPU.ActiveCfg = Debug|Any CPU
		{82E42117-591F-468D-8129-5B427EB1E016}.Debug|Any CPU.Build.0 = Debug|Any CPU
		{82E42117-591F-468D-8129-5B427EB1E016}.Debug|Any CPU.Deploy.0 = Debug|Any CPU
		{82E42117-591F-468D-8129-5B427EB1E016}.Release|Any CPU.ActiveCfg = Release|Any CPU
		{82E42117-591F-468D-8129-5B427EB1E016}.Release|Any CPU.Build.0 = Release|Any CPU
		{82E42117-591F-468D-8129-5B427EB1E016}.Release|Any CPU.Deploy.0 = Release|Any CPU
		{B32B6F35-A8EA-4136-9B74-4C20ED79621F}.Debug|Any CPU.ActiveCfg = Debug|Any CPU
		{B32B6F35-A8EA-4136-9B74-4C20ED79621F}.Debug|Any CPU.Build.0 = Debug|Any CPU
		{B32B6F35-A8EA-4136-9B74-4C20ED79621F}.Debug|Any CPU.Deploy.0 = Debug|Any CPU
		{B32B6F35-A8EA-4136-9B74-4C20ED79621F}.Release|Any CPU.ActiveCfg = Release|Any CPU
		{B32B6F35-A8EA-4136-9B74-4C20ED79621F}.Release|Any CPU.Build.0 = Release|Any CPU
		{B32B6F35-A8EA-4136-9B74-4C20ED79621F}.Release|Any CPU.Deploy.0 = Release|Any CPU
		{2FCF1199-883A-4DE0-A061-CD1604E568BE}.Debug|Any CPU.ActiveCfg = Debug|Any CPU
		{2FCF1199-883A-4DE0-A061-CD1604E568BE}.Debug|Any CPU.Build.0 = Debug|Any CPU
		{2FCF1199-883A-4DE0-A061-CD1604E568BE}.Debug|Any CPU.Deploy.0 = Debug|Any CPU
		{2FCF1199-883A-4DE0-A061-CD1604E568BE}.Release|Any CPU.ActiveCfg = Release|Any CPU
		{2FCF1199-883A-4DE0-A061-CD1604E568BE}.Release|Any CPU.Build.0 = Release|Any CPU
		{2FCF1199-883A-4DE0-A061-CD1604E568BE}.Release|Any CPU.Deploy.0 = Release|Any CPU
		{C054E2AF-466F-4227-832A-3F4A2BC6572A}.Debug|Any CPU.ActiveCfg = Debug|Any CPU
		{C054E2AF-466F-4227-832A-3F4A2BC6572A}.Debug|Any CPU.Build.0 = Debug|Any CPU
		{C054E2AF-466F-4227-832A-3F4A2BC6572A}.Debug|Any CPU.Deploy.0 = Debug|Any CPU
		{C054E2AF-466F-4227-832A-3F4A2BC6572A}.Release|Any CPU.ActiveCfg = Release|Any CPU
		{C054E2AF-466F-4227-832A-3F4A2BC6572A}.Release|Any CPU.Build.0 = Release|Any CPU
		{C054E2AF-466F-4227-832A-3F4A2BC6572A}.Release|Any CPU.Deploy.0 = Release|Any CPU
		{69FC6DAB-5021-495F-8CA3-FD7696377F1A}.Debug|Any CPU.ActiveCfg = Debug|Any CPU
		{69FC6DAB-5021-495F-8CA3-FD7696377F1A}.Debug|Any CPU.Build.0 = Debug|Any CPU
		{69FC6DAB-5021-495F-8CA3-FD7696377F1A}.Debug|Any CPU.Deploy.0 = Debug|Any CPU
		{69FC6DAB-5021-495F-8CA3-FD7696377F1A}.Release|Any CPU.ActiveCfg = Release|Any CPU
		{69FC6DAB-5021-495F-8CA3-FD7696377F1A}.Release|Any CPU.Build.0 = Release|Any CPU
		{69FC6DAB-5021-495F-8CA3-FD7696377F1A}.Release|Any CPU.Deploy.0 = Release|Any CPU
		{21451DFF-2AB8-4D13-927B-18385643EBFA}.Debug|Any CPU.ActiveCfg = Debug|Any CPU
		{21451DFF-2AB8-4D13-927B-18385643EBFA}.Debug|Any CPU.Build.0 = Debug|Any CPU
		{21451DFF-2AB8-4D13-927B-18385643EBFA}.Release|Any CPU.ActiveCfg = Release|Any CPU
		{21451DFF-2AB8-4D13-927B-18385643EBFA}.Release|Any CPU.Build.0 = Release|Any CPU
	EndGlobalSection
	GlobalSection(SolutionProperties) = preSolution
		HideSolutionNode = FALSE
	EndGlobalSection
	GlobalSection(NestedProjects) = preSolution
		{662C06F3-F57D-4811-8095-FD0EE0AD7AC8} = {5D95B73B-52D0-44D7-96D9-686785DCCF04}
		{C18605BC-E67E-4247-B3AE-30A2D34030AF} = {5D95B73B-52D0-44D7-96D9-686785DCCF04}
		{AF1E2217-0A60-4D00-AA83-CEEBC94DB132} = {5D95B73B-52D0-44D7-96D9-686785DCCF04}
		{DD5CEB17-877B-4301-8345-FA8D42EF730D} = {5D95B73B-52D0-44D7-96D9-686785DCCF04}
		{DE8FD9D7-AE5D-4929-9B6B-761D26DBBC28} = {5D95B73B-52D0-44D7-96D9-686785DCCF04}
		{612B9494-148F-44D5-A0BE-A89FC90FCBA0} = {5D95B73B-52D0-44D7-96D9-686785DCCF04}
		{82E42117-591F-468D-8129-5B427EB1E016} = {5D95B73B-52D0-44D7-96D9-686785DCCF04}
		{B32B6F35-A8EA-4136-9B74-4C20ED79621F} = {5D95B73B-52D0-44D7-96D9-686785DCCF04}
		{2FCF1199-883A-4DE0-A061-CD1604E568BE} = {5D95B73B-52D0-44D7-96D9-686785DCCF04}
		{C054E2AF-466F-4227-832A-3F4A2BC6572A} = {5D95B73B-52D0-44D7-96D9-686785DCCF04}
		{69FC6DAB-5021-495F-8CA3-FD7696377F1A} = {5D95B73B-52D0-44D7-96D9-686785DCCF04}
		{21451DFF-2AB8-4D13-927B-18385643EBFA} = {5D95B73B-52D0-44D7-96D9-686785DCCF04}
	EndGlobalSection
	GlobalSection(ExtensibilityGlobals) = postSolution
		SolutionGuid = {1D8BDD17-DE9B-4015-8158-F44165D7BB99}
	EndGlobalSection
EndGlobal
